
Microsoft Visual Studio Solution File, Format Version 12.00
# Visual Studio 15
Project("{FAE04EC0-301F-11D3-BF4B-00C04F79EFBC}") = "Unity.Timeline", "Unity.Timeline.csproj", "{E301C225-400F-5FD7-3294-DEEDEE6E1362}"
EndProject
Project("{FAE04EC0-301F-11D3-BF4B-00C04F79EFBC}") = "Unity.RenderPipelines.GPUDriven.Runtime", "Unity.RenderPipelines.GPUDriven.Runtime.csproj", "{F47DACE7-8FF7-8A6E-BDD2-96A63BDD4BB7}"
EndProject
Project("{FAE04EC0-301F-11D3-BF4B-00C04F79EFBC}") = "Unity.PlasticSCM.Editor", "Unity.PlasticSCM.Editor.csproj", "{EE4662FD-4661-C483-11AF-F609F7E8E870}"
EndProject
Project("{FAE04EC0-301F-11D3-BF4B-00C04F79EFBC}") = "Unity.2D.Aseprite.Editor", "Unity.2D.Aseprite.Editor.csproj", "{A5A465B4-5C79-98C1-A92C-51E9563E2FF8}"
EndProject
Project("{FAE04EC0-301F-11D3-BF4B-00C04F79EFBC}") = "Unity.ShaderGraph.Editor", "Unity.ShaderGraph.Editor.csproj", "{D6965656-DD68-296E-DF92-937827B02B83}"
EndProject
Project("{FAE04EC0-301F-11D3-BF4B-00C04F79EFBC}") = "Unity.RenderPipelines.Core.Runtime", "Unity.RenderPipelines.Core.Runtime.csproj", "{71F8F44E-0E1B-532E-FA66-54E80C382335}"
EndProject
Project("{FAE04EC0-301F-11D3-BF4B-00C04F79EFBC}") = "Unity.Mathematics", "Unity.Mathematics.csproj", "{68C650D2-419E-BC34-EAD6-589324086582}"
EndProject
Project("{FAE04EC0-301F-11D3-BF4B-00C04F79EFBC}") = "Unity.Timeline.Editor", "Unity.Timeline.Editor.csproj", "{E5BB3518-1BCC-A3B0-1EC3-D2B6A01AD989}"
EndProject
Project("{FAE04EC0-301F-11D3-BF4B-00C04F79EFBC}") = "Unity.Multiplayer.Center.Editor", "Unity.Multiplayer.Center.Editor.csproj", "{760FF283-A7F6-EC8B-E2E8-BE283F78693D}"
EndProject
Project("{FAE04EC0-301F-11D3-BF4B-00C04F79EFBC}") = "Unity.RenderPipelines.Core.Editor", "Unity.RenderPipelines.Core.Editor.csproj", "{CB04EF56-A5D7-254C-4689-4A842437B21A}"
EndProject
Project("{FAE04EC0-301F-11D3-BF4B-00C04F79EFBC}") = "Unity.2D.Psdimporter.Editor", "Unity.2D.Psdimporter.Editor.csproj", "{D9621662-D0A2-F992-C1B3-14F0CBF11F43}"
EndProject
Project("{FAE04EC0-301F-11D3-BF4B-00C04F79EFBC}") = "UnityEngine.UI", "UnityEngine.UI.csproj", "{5C97A4C4-3336-82BD-2B51-CDAC98A89733}"
EndProject
Project("{FAE04EC0-301F-11D3-BF4B-00C04F79EFBC}") = "Unity.2D.IK.Runtime", "Unity.2D.IK.Runtime.csproj", "{4252E42A-7211-9C70-7B1C-B323B1800E7F}"
EndProject
Project("{FAE04EC0-301F-11D3-BF4B-00C04F79EFBC}") = "Unity.RenderPipelines.Universal.2D.Runtime", "Unity.RenderPipelines.Universal.2D.Runtime.csproj", "{4AF082F2-9A7B-70EE-06F5-1A7141AF1951}"
EndProject
Project("{FAE04EC0-301F-11D3-BF4B-00C04F79EFBC}") = "Unity.Collections", "Unity.Collections.csproj", "{A442EDAB-E69D-1FF7-19E7-A97157203E93}"
EndProject
Project("{FAE04EC0-301F-11D3-BF4B-00C04F79EFBC}") = "Unity.VisualScripting.Core.Editor", "Unity.VisualScripting.Core.Editor.csproj", "{3A6E0156-4C1E-87AC-ECA0-A6653C6B98AF}"
EndProject
Project("{FAE04EC0-301F-11D3-BF4B-00C04F79EFBC}") = "Unity.RenderPipelines.Universal.Editor", "Unity.RenderPipelines.Universal.Editor.csproj", "{ACDFDF04-7B6E-4C8D-FB76-00C581D4B82A}"
EndProject
Project("{FAE04EC0-301F-11D3-BF4B-00C04F79EFBC}") = "Unity.PerformanceTesting.Editor", "Unity.PerformanceTesting.Editor.csproj", "{1A34DB04-4CD9-B2EB-F1A2-D086A153A1B4}"
EndProject
Project("{FAE04EC0-301F-11D3-BF4B-00C04F79EFBC}") = "UnityEngine.TestRunner", "UnityEngine.TestRunner.csproj", "{F754318F-C64F-F8B3-BD2C-8B25133F519E}"
EndProject
Project("{FAE04EC0-301F-11D3-BF4B-00C04F79EFBC}") = "Unity.2D.Tilemap.Editor", "Unity.2D.Tilemap.Editor.csproj", "{EFFE5F47-6B03-9A4B-AF0D-AB7A6784DFE5}"
EndProject
Project("{FAE04EC0-301F-11D3-BF4B-00C04F79EFBC}") = "Unity.Burst", "Unity.Burst.csproj", "{FA907FB7-5AFB-B6F9-E8D8-D623CA034CAD}"
EndProject
Project("{FAE04EC0-301F-11D3-BF4B-00C04F79EFBC}") = "Unity.VisualScripting.Flow.Editor", "Unity.VisualScripting.Flow.Editor.csproj", "{AF1A350F-AAB8-8C8A-EB7F-763AA17DF13E}"
EndProject
Project("{FAE04EC0-301F-11D3-BF4B-00C04F79EFBC}") = "Unity.2D.SpriteShape.Editor", "Unity.2D.SpriteShape.Editor.csproj", "{16064F54-8043-10B2-F9AF-039DB9BD7771}"
EndProject
Project("{FAE04EC0-301F-11D3-BF4B-00C04F79EFBC}") = "Unity.VisualStudio.Editor", "Unity.VisualStudio.Editor.csproj", "{28F56561-C023-AA9D-4971-E108526317CA}"
EndProject
Project("{FAE04EC0-301F-11D3-BF4B-00C04F79EFBC}") = "Unity.InputSystem", "Unity.InputSystem.csproj", "{BBEB899E-4264-5CBF-9244-57C22483CA41}"
EndProject
Project("{FAE04EC0-301F-11D3-BF4B-00C04F79EFBC}") = "PPv2URPConverters", "PPv2URPConverters.csproj", "{AC4265FC-23E2-EAEC-B59F-07D5EACDA86F}"
EndProject
Project("{FAE04EC0-301F-11D3-BF4B-00C04F79EFBC}") = "Unity.2D.Animation.Editor", "Unity.2D.Animation.Editor.csproj", "{BE8D3F87-D262-B4FD-8A65-C5DE79DF596A}"
EndProject
Project("{FAE04EC0-301F-11D3-BF4B-00C04F79EFBC}") = "Unity.Searcher.Editor", "Unity.Searcher.Editor.csproj", "{20B49D63-0A3A-9EB1-5CCF-DA4CEC6792E0}"
EndProject
Project("{FAE04EC0-301F-11D3-BF4B-00C04F79EFBC}") = "Unity.2D.SpriteShape.Runtime", "Unity.2D.SpriteShape.Runtime.csproj", "{80366F34-FA1B-0137-69A2-73E3E6813EED}"
EndProject
Project("{FAE04EC0-301F-11D3-BF4B-00C04F79EFBC}") = "UnityEditor.TestRunner", "UnityEditor.TestRunner.csproj", "{6A2C1FBD-718D-64E8-C035-0E659B97F7CC}"
EndProject
Project("{FAE04EC0-301F-11D3-BF4B-00C04F79EFBC}") = "Unity.VisualScripting.Core", "Unity.VisualScripting.Core.csproj", "{C2CC5FF7-A973-2968-17EF-4DBB837BD9E1}"
EndProject
Project("{FAE04EC0-301F-11D3-BF4B-00C04F79EFBC}") = "Unity.RenderPipelines.Universal.Runtime", "Unity.RenderPipelines.Universal.Runtime.csproj", "{1325818F-F429-D046-F2A5-655AF9BC0C78}"
EndProject
Project("{FAE04EC0-301F-11D3-BF4B-00C04F79EFBC}") = "Unity.CollabProxy.Editor", "Unity.CollabProxy.Editor.csproj", "{250E33CB-B5AA-BBEF-4C4B-6C8D8EAE60CC}"
EndProject
Project("{FAE04EC0-301F-11D3-BF4B-00C04F79EFBC}") = "Unity.VisualScripting.State.Editor", "Unity.VisualScripting.State.Editor.csproj", "{045CA53A-E4D1-1131-18D7-7AAB96532602}"
EndProject
Project("{FAE04EC0-301F-11D3-BF4B-00C04F79EFBC}") = "Unity.Burst.CodeGen", "Unity.Burst.CodeGen.csproj", "{B8B9ED10-BAB6-8FFE-289B-4FBC052C214E}"
EndProject
Project("{FAE04EC0-301F-11D3-BF4B-00C04F79EFBC}") = "Assembly-CSharp", "Assembly-CSharp.csproj", "{3F7E3880-01F1-4CE9-BDD2-8D076363BA2F}"
EndProject
Project("{FAE04EC0-301F-11D3-BF4B-00C04F79EFBC}") = "Unity.VisualScripting.Flow", "Unity.VisualScripting.Flow.csproj", "{39AED959-7AAB-8A24-DB9E-265E7379126F}"
EndProject
Project("{FAE04EC0-301F-11D3-BF4B-00C04F79EFBC}") = "Unity.PerformanceTesting", "Unity.PerformanceTesting.csproj", "{BC97C55A-CDFE-A747-0CC0-30DBCFD57277}"
EndProject
Project("{FAE04EC0-301F-11D3-BF4B-00C04F79EFBC}") = "Unity.2D.Tilemap.Extras.Editor", "Unity.2D.Tilemap.Extras.Editor.csproj", "{84E8E76D-3476-31C3-3AE6-DED6EC3C67C1}"
EndProject
Project("{FAE04EC0-301F-11D3-BF4B-00C04F79EFBC}") = "Unity.TextMeshPro", "Unity.TextMeshPro.csproj", "{BD45FA02-0AC3-89C7-DD02-D21CF6CEAF9C}"
EndProject
Project("{FAE04EC0-301F-11D3-BF4B-00C04F79EFBC}") = "Unity.TextMeshPro.Editor", "Unity.TextMeshPro.Editor.csproj", "{9E407B79-2218-F46A-0E18-FABE35B39528}"
EndProject
Project("{FAE04EC0-301F-11D3-BF4B-00C04F79EFBC}") = "Unity.Rendering.LightTransport.Runtime", "Unity.Rendering.LightTransport.Runtime.csproj", "{EE0BB123-7249-26F2-682B-747AE9D79B6F}"
EndProject
Project("{FAE04EC0-301F-11D3-BF4B-00C04F79EFBC}") = "PsdPlugin", "PsdPlugin.csproj", "{DD292582-5919-3B2F-9872-2915897678D3}"
EndProject
Project("{FAE04EC0-301F-11D3-BF4B-00C04F79EFBC}") = "Unity.2D.IK.Editor", "Unity.2D.IK.Editor.csproj", "{44EAF8BE-7DA2-50B4-4ACB-03F082760100}"
EndProject
Project("{FAE04EC0-301F-11D3-BF4B-00C04F79EFBC}") = "Unity.InternalAPIEngineBridge.001", "Unity.InternalAPIEngineBridge.001.csproj", "{61D9B0AE-ABE2-D6C4-4BFD-A09A33139CFC}"
EndProject
Project("{FAE04EC0-301F-11D3-BF4B-00C04F79EFBC}") = "Unity.2D.Aseprite.Common", "Unity.2D.Aseprite.Common.csproj", "{83A33550-9375-625C-8ECF-5262645F3E88}"
EndProject
Project("{FAE04EC0-301F-11D3-BF4B-00C04F79EFBC}") = "Unity.Burst.Editor", "Unity.Burst.Editor.csproj", "{EB0D0020-6DA4-5E2A-01C4-4D1DF161FD38}"
EndProject
Project("{FAE04EC0-301F-11D3-BF4B-00C04F79EFBC}") = "Unity.2D.Common.Path.Editor", "Unity.2D.Common.Path.Editor.csproj", "{2241DDE4-5961-390F-7A3C-1FE6EE785298}"
EndProject
Project("{FAE04EC0-301F-11D3-BF4B-00C04F79EFBC}") = "Unity.2D.Common.Editor", "Unity.2D.Common.Editor.csproj", "{B615FBEB-B5BF-9C50-AF25-6D03403DB55D}"
EndProject
Project("{FAE04EC0-301F-11D3-BF4B-00C04F79EFBC}") = "Unity.Rider.Editor", "Unity.Rider.Editor.csproj", "{63177125-5159-C97A-AF63-63E8EB5A2E0A}"
EndProject
Project("{FAE04EC0-301F-11D3-BF4B-00C04F79EFBC}") = "Unity.VisualScripting.State", "Unity.VisualScripting.State.csproj", "{96AA57C0-6851-3D14-D7F4-317408A02D30}"
EndProject
Project("{FAE04EC0-301F-11D3-BF4B-00C04F79EFBC}") = "Unity.InternalAPIEditorBridge.001", "Unity.InternalAPIEditorBridge.001.csproj", "{40081C00-FDF6-3E3C-3097-F5F890E66606}"
EndProject
Project("{FAE04EC0-301F-11D3-BF4B-00C04F79EFBC}") = "UnityEditor.UI", "UnityEditor.UI.csproj", "{2BA7AAA2-8F21-C87F-5ACE-4F70E3762181}"
EndProject
Project("{FAE04EC0-301F-11D3-BF4B-00C04F79EFBC}") = "CFXRRuntime", "CFXRRuntime.csproj", "{6E94C822-6804-FD80-654F-2D64ED0DE9AF}"
EndProject
Project("{FAE04EC0-301F-11D3-BF4B-00C04F79EFBC}") = "Unity.2D.Sprite.Editor", "Unity.2D.Sprite.Editor.csproj", "{272A18B7-2388-60AF-BDC2-96A7B49D5555}"
EndProject
Project("{FAE04EC0-301F-11D3-BF4B-00C04F79EFBC}") = "Unity.2D.PixelPerfect.Editor", "Unity.2D.PixelPerfect.Editor.csproj", "{D99C6D8B-16D3-1051-AD0B-44EA097AB035}"
EndProject
Project("{FAE04EC0-301F-11D3-BF4B-00C04F79EFBC}") = "CFXRDemo", "CFXRDemo.csproj", "{A97CB9E2-6225-C976-0E4B-07DB12A9CFB0}"
EndProject
Project("{FAE04EC0-301F-11D3-BF4B-00C04F79EFBC}") = "CFXREditor", "CFXREditor.csproj", "{64C7204D-387F-3CFF-2904-5CF42264A655}"
EndProject
Project("{FAE04EC0-301F-11D3-BF4B-00C04F79EFBC}") = "Unity.Multiplayer.Center.Common", "Unity.Multiplayer.Center.Common.csproj", "{AC86FE44-FA34-5185-D4AF-C79B50395EF8}"
EndProject
Project("{FAE04EC0-301F-11D3-BF4B-00C04F79EFBC}") = "Unity.InputSystem.ForUI", "Unity.InputSystem.ForUI.csproj", "{A1ABA22C-5F95-14FB-115F-7164CF925B3A}"
EndProject
Project("{FAE04EC0-301F-11D3-BF4B-00C04F79EFBC}") = "Unity.Collections.CodeGen", "Unity.Collections.CodeGen.csproj", "{3995C26C-5CC9-3451-D275-1C1C08447371}"
EndProject
Project("{FAE04EC0-301F-11D3-BF4B-00C04F79EFBC}") = "Unity.2D.Tilemap.Extras", "Unity.2D.Tilemap.Extras.csproj", "{95FAF9B0-351B-A846-0EFC-8E8ED69AE4FF}"
EndProject
Project("{FAE04EC0-301F-11D3-BF4B-00C04F79EFBC}") = "Unity.2D.Animation.Runtime", "Unity.2D.Animation.Runtime.csproj", "{948BD285-6BAC-EFC5-E0B7-3C02805977B2}"
EndProject
Project("{FAE04EC0-301F-11D3-BF4B-00C04F79EFBC}") = "Unity.Mathematics.Editor", "Unity.Mathematics.Editor.csproj", "{B704BEFD-0DF9-89E0-D898-0579CED56AEA}"
EndProject
Project("{FAE04EC0-301F-11D3-BF4B-00C04F79EFBC}") = "Unity.VisualScripting.SettingsProvider.Editor", "Unity.VisualScripting.SettingsProvider.Editor.csproj", "{AFE11F06-B779-2E1E-455F-9038D034FCB7}"
EndProject
Project("{FAE04EC0-301F-11D3-BF4B-00C04F79EFBC}") = "Unity.InputSystem.TestFramework", "Unity.InputSystem.TestFramework.csproj", "{A503EF35-BC4B-ADD2-ECCD-EE513163AC20}"
EndProject
Project("{FAE04EC0-301F-11D3-BF4B-00C04F79EFBC}") = "Unity.ShaderGraph.Utilities", "Unity.ShaderGraph.Utilities.csproj", "{A47B36EC-CE5F-6ED5-CF1E-6DA1617407EE}"
EndProject
Project("{FAE04EC0-301F-11D3-BF4B-00C04F79EFBC}") = "Unity.VisualScripting.Shared.Editor", "Unity.VisualScripting.Shared.Editor.csproj", "{A69CFF54-EFC2-E864-8F51-42F8AF209C5E}"
EndProject
Project("{FAE04EC0-301F-11D3-BF4B-00C04F79EFBC}") = "KinoBloom.Runtime", "KinoBloom.Runtime.csproj", "{575A7A24-0A20-047C-DEA7-2F7D726A06FE}"
EndProject
Project("{FAE04EC0-301F-11D3-BF4B-00C04F79EFBC}") = "CFXR.WelcomeScreen", "CFXR.WelcomeScreen.csproj", "{7FAF118A-EDC2-88BD-94FC-13F5FD31D269}"
EndProject
Project("{FAE04EC0-301F-11D3-BF4B-00C04F79EFBC}") = "Unity.RenderPipeline.Universal.ShaderLibrary", "Unity.RenderPipeline.Universal.ShaderLibrary.csproj", "{05F82E3E-C61E-F326-8959-02ACD50FAC92}"
EndProject
Project("{FAE04EC0-301F-11D3-BF4B-00C04F79EFBC}") = "Unity.2D.Common.Runtime", "Unity.2D.Common.Runtime.csproj", "{C403635E-0CCE-1F16-EBDB-69D750C804D1}"
EndProject
Project("{FAE04EC0-301F-11D3-BF4B-00C04F79EFBC}") = "ToonyColorsPro.Demo.Editor", "ToonyColorsPro.Demo.Editor.csproj", "{1D4ED440-4B05-F95D-8DC0-C321E53D0035}"
EndProject
Project("{FAE04EC0-301F-11D3-BF4B-00C04F79EFBC}") = "Unity.2D.PixelPerfect", "Unity.2D.PixelPerfect.csproj", "{AAA36D2F-9514-0704-7C47-E375C16AB6E3}"
EndProject
Project("{FAE04EC0-301F-11D3-BF4B-00C04F79EFBC}") = "Unity.Rendering.LightTransport.Editor", "Unity.Rendering.LightTransport.Editor.csproj", "{1D7F4A08-09AF-2503-654D-51C262627C79}"
EndProject
Project("{FAE04EC0-301F-11D3-BF4B-00C04F79EFBC}") = "Unity.InputSystem.DocCodeSamples", "Unity.InputSystem.DocCodeSamples.csproj", "{CAB07596-24B5-F05C-B17B-52CD8FC69DE2}"
EndProject
Project("{FAE04EC0-301F-11D3-BF4B-00C04F79EFBC}") = "Unity.RenderPipelines.Universal.Shaders", "Unity.RenderPipelines.Universal.Shaders.csproj", "{0E8B0444-BF91-6644-9496-B5D94F305E35}"
EndProject
Project("{FAE04EC0-301F-11D3-BF4B-00C04F79EFBC}") = "Unity.RenderPipelines.Core.Runtime.Shared", "Unity.RenderPipelines.Core.Runtime.Shared.csproj", "{53D00882-B747-F995-29D7-A442072DB9A5}"
EndProject
Project("{FAE04EC0-301F-11D3-BF4B-00C04F79EFBC}") = "ScriptablePacker", "ScriptablePacker.csproj", "{B393846F-E397-5A00-B548-60505C64AD29}"
EndProject
Project("{FAE04EC0-301F-11D3-BF4B-00C04F79EFBC}") = "Unity.2D.Sprite.AIIntegration.Editor", "Unity.2D.Sprite.AIIntegration.Editor.csproj", "{6EA3B09D-2572-CDB2-E41F-7CD0CC261811}"
EndProject
Project("{FAE04EC0-301F-11D3-BF4B-00C04F79EFBC}") = "Unity.VisualScripting.DocCodeExamples", "Unity.VisualScripting.DocCodeExamples.csproj", "{A01D1C0A-32C5-BCC7-B202-F11743E6CDF0}"
EndProject
Project("{FAE04EC0-301F-11D3-BF4B-00C04F79EFBC}") = "Unity.PlasticSCM.Editor.Entities", "Unity.PlasticSCM.Editor.Entities.csproj", "{091658C4-AC9C-5EE3-708B-FAE7EE61EB02}"
EndProject
Project("{FAE04EC0-301F-11D3-BF4B-00C04F79EFBC}") = "Unity.Collections.Editor", "Unity.Collections.Editor.csproj", "{28F0F831-0C0D-AEA2-2F59-DE0D7619D4F5}"
EndProject
Project("{FAE04EC0-301F-11D3-BF4B-00C04F79EFBC}") = "Unity.RenderPipelines.Universal.Config.Runtime", "Unity.RenderPipelines.Universal.Config.Runtime.csproj", "{4884BE17-F761-0133-64DB-5F9B418345CD}"
EndProject
Project("{FAE04EC0-301F-11D3-BF4B-00C04F79EFBC}") = "Unity.RenderPipelines.ShaderGraph.ShaderGraphLibrary", "Unity.RenderPipelines.ShaderGraph.ShaderGraphLibrary.csproj", "{4B00FD68-E8DF-9442-2BF6-0B655B118324}"
EndProject
Project("{FAE04EC0-301F-11D3-BF4B-00C04F79EFBC}") = "Unity.RenderPipelines.Core.ShaderLibrary", "Unity.RenderPipelines.Core.ShaderLibrary.csproj", "{E7D76D9B-87FA-E1A9-607D-E3455EE95092}"
EndProject
Project("{FAE04EC0-301F-11D3-BF4B-00C04F79EFBC}") = "Unity.RenderPipelines.Core.Editor.Shared", "Unity.RenderPipelines.Core.Editor.Shared.csproj", "{2ADB7B30-3775-F5DA-46CF-7AD57D173ADA}"
EndProject
Project("{FAE04EC0-301F-11D3-BF4B-00C04F79EFBC}") = "Unity.Timeline", "Unity.Timeline.Player.csproj", "{EA861B1A-BA70-2F1B-4186-3819E22B50CC}"
EndProject
Project("{FAE04EC0-301F-11D3-BF4B-00C04F79EFBC}") = "Unity.RenderPipelines.GPUDriven.Runtime", "Unity.RenderPipelines.GPUDriven.Runtime.Player.csproj", "{5D6EAFE0-385B-1AC2-3CBB-8DCB930378FF}"
EndProject
Project("{FAE04EC0-301F-11D3-BF4B-00C04F79EFBC}") = "Unity.RenderPipelines.Core.Runtime", "Unity.RenderPipelines.Core.Runtime.Player.csproj", "{6682D37F-4ACF-DBE9-6DAA-173B31517B24}"
EndProject
Project("{FAE04EC0-301F-11D3-BF4B-00C04F79EFBC}") = "Unity.Mathematics", "Unity.Mathematics.Player.csproj", "{58EE5864-D59A-7059-D1CA-5435BB72F145}"
EndProject
Project("{FAE04EC0-301F-11D3-BF4B-00C04F79EFBC}") = "UnityEngine.UI", "UnityEngine.UI.Player.csproj", "{3F63F2FF-C5EA-D19C-3F91-F42CBC9BF9FB}"
EndProject
Project("{FAE04EC0-301F-11D3-BF4B-00C04F79EFBC}") = "Unity.2D.IK.Runtime", "Unity.2D.IK.Runtime.Player.csproj", "{5D2847B2-E6A2-5599-A514-CCFE656E4E4D}"
EndProject
Project("{FAE04EC0-301F-11D3-BF4B-00C04F79EFBC}") = "Unity.RenderPipelines.Universal.2D.Runtime", "Unity.RenderPipelines.Universal.2D.Runtime.Player.csproj", "{7402CFE3-6078-7806-0B65-820A92535D04}"
EndProject
Project("{FAE04EC0-301F-11D3-BF4B-00C04F79EFBC}") = "Unity.Collections", "Unity.Collections.Player.csproj", "{1130C726-D13E-7763-8625-BECBB8B4EFFF}"
EndProject
Project("{FAE04EC0-301F-11D3-BF4B-00C04F79EFBC}") = "UnityEngine.TestRunner", "UnityEngine.TestRunner.Player.csproj", "{415CB947-AAB1-CD6A-F024-219F531F0004}"
EndProject
Project("{FAE04EC0-301F-11D3-BF4B-00C04F79EFBC}") = "Unity.Burst", "Unity.Burst.Player.csproj", "{C0B427A9-9492-A0AF-2AED-1CFD2CB7FC71}"
EndProject
Project("{FAE04EC0-301F-11D3-BF4B-00C04F79EFBC}") = "Unity.InputSystem", "Unity.InputSystem.Player.csproj", "{77FDCEA2-52CE-AB4C-8F49-9A59724A5A33}"
EndProject
Project("{FAE04EC0-301F-11D3-BF4B-00C04F79EFBC}") = "Unity.2D.SpriteShape.Runtime", "Unity.2D.SpriteShape.Runtime.Player.csproj", "{31F3F257-ECC6-047F-5ECE-93D57A36D4B9}"
EndProject
Project("{FAE04EC0-301F-11D3-BF4B-00C04F79EFBC}") = "Unity.VisualScripting.Core", "Unity.VisualScripting.Core.Player.csproj", "{730DE673-4D7A-E70D-F652-A026F50076FF}"
EndProject
Project("{FAE04EC0-301F-11D3-BF4B-00C04F79EFBC}") = "Unity.RenderPipelines.Universal.Runtime", "Unity.RenderPipelines.Universal.Runtime.Player.csproj", "{65C5AE11-2FFC-D5A4-3B03-051B016468C2}"
EndProject
Project("{FAE04EC0-301F-11D3-BF4B-00C04F79EFBC}") = "Assembly-CSharp", "Assembly-CSharp.Player.csproj", "{16653175-C148-551C-E681-DBDD08BBEF4C}"
EndProject
Project("{FAE04EC0-301F-11D3-BF4B-00C04F79EFBC}") = "Unity.VisualScripting.Flow", "Unity.VisualScripting.Flow.Player.csproj", "{E1FE3AD6-B36D-3BAD-EE0C-D62652214302}"
EndProject
Project("{FAE04EC0-301F-11D3-BF4B-00C04F79EFBC}") = "Unity.PerformanceTesting", "Unity.PerformanceTesting.Player.csproj", "{E1015E43-1B93-4745-63C1-317E71BB53E1}"
EndProject
Project("{FAE04EC0-301F-11D3-BF4B-00C04F79EFBC}") = "Unity.TextMeshPro", "Unity.TextMeshPro.Player.csproj", "{049BA51A-04A6-44DE-9BB2-DBBD7008880F}"
EndProject
Project("{FAE04EC0-301F-11D3-BF4B-00C04F79EFBC}") = "Unity.Rendering.LightTransport.Runtime", "Unity.Rendering.LightTransport.Runtime.Player.csproj", "{4DD2A48A-4EF2-A239-7A6E-2549D365554D}"
EndProject
Project("{FAE04EC0-301F-11D3-BF4B-00C04F79EFBC}") = "Unity.InternalAPIEngineBridge.001", "Unity.InternalAPIEngineBridge.001.Player.csproj", "{EAB73FC4-FCFE-DFE1-951D-5F32CDB1A46D}"
EndProject
Project("{FAE04EC0-301F-11D3-BF4B-00C04F79EFBC}") = "Unity.VisualScripting.State", "Unity.VisualScripting.State.Player.csproj", "{3DB3CF28-7EC4-ADC6-0D8B-515368BB4AD5}"
EndProject
Project("{FAE04EC0-301F-11D3-BF4B-00C04F79EFBC}") = "CFXRRuntime", "CFXRRuntime.Player.csproj", "{915F1F23-B691-A164-1FC9-82AD1F04C768}"
EndProject
Project("{FAE04EC0-301F-11D3-BF4B-00C04F79EFBC}") = "CFXRDemo", "CFXRDemo.Player.csproj", "{836A7F67-BA18-1D7C-85DE-CC80A3DD3A35}"
EndProject
Project("{FAE04EC0-301F-11D3-BF4B-00C04F79EFBC}") = "Unity.Multiplayer.Center.Common", "Unity.Multiplayer.Center.Common.Player.csproj", "{D8A8A60C-138D-83FE-3308-A813C92165CC}"
EndProject
Project("{FAE04EC0-301F-11D3-BF4B-00C04F79EFBC}") = "Unity.InputSystem.ForUI", "Unity.InputSystem.ForUI.Player.csproj", "{7F75CB1D-1C67-FB73-2D20-D5CE618B478B}"
EndProject
Project("{FAE04EC0-301F-11D3-BF4B-00C04F79EFBC}") = "Unity.2D.Tilemap.Extras", "Unity.2D.Tilemap.Extras.Player.csproj", "{9CF4D7EF-7D22-F608-7C7F-4F674F50D1E8}"
EndProject
Project("{FAE04EC0-301F-11D3-BF4B-00C04F79EFBC}") = "Unity.2D.Animation.Runtime", "Unity.2D.Animation.Runtime.Player.csproj", "{15A7AD51-F027-8BBD-7B44-E292D7BFE6EA}"
EndProject
Project("{FAE04EC0-301F-11D3-BF4B-00C04F79EFBC}") = "Unity.InputSystem.TestFramework", "Unity.InputSystem.TestFramework.Player.csproj", "{0432F6DC-C997-B747-6AEA-F218F221D731}"
EndProject
Project("{FAE04EC0-301F-11D3-BF4B-00C04F79EFBC}") = "KinoBloom.Runtime", "KinoBloom.Runtime.Player.csproj", "{0CAE29BE-28A1-07B1-A145-19608F2E20FB}"
EndProject
Project("{FAE04EC0-301F-11D3-BF4B-00C04F79EFBC}") = "Unity.RenderPipeline.Universal.ShaderLibrary", "Unity.RenderPipeline.Universal.ShaderLibrary.Player.csproj", "{29BBA4B2-3B31-D0F4-F045-8A4F032412B0}"
EndProject
Project("{FAE04EC0-301F-11D3-BF4B-00C04F79EFBC}") = "Unity.2D.Common.Runtime", "Unity.2D.Common.Runtime.Player.csproj", "{A9F6A649-FF04-67D4-1CF0-B9235F4C9883}"
EndProject
Project("{FAE04EC0-301F-11D3-BF4B-00C04F79EFBC}") = "Unity.2D.PixelPerfect", "Unity.2D.PixelPerfect.Player.csproj", "{88E8379F-EAEF-E7F0-7346-DDB015AC783C}"
EndProject
Project("{FAE04EC0-301F-11D3-BF4B-00C04F79EFBC}") = "Unity.RenderPipelines.Universal.Shaders", "Unity.RenderPipelines.Universal.Shaders.Player.csproj", "{5912B765-474A-1139-DF2D-441F1437C3F1}"
EndProject
Project("{FAE04EC0-301F-11D3-BF4B-00C04F79EFBC}") = "Unity.RenderPipelines.Core.Runtime.Shared", "Unity.RenderPipelines.Core.Runtime.Shared.Player.csproj", "{0D740669-BD3D-B9DC-C4D0-C3D116688B24}"
EndProject
Project("{FAE04EC0-301F-11D3-BF4B-00C04F79EFBC}") = "Unity.VisualScripting.DocCodeExamples", "Unity.VisualScripting.DocCodeExamples.Player.csproj", "{0C89BE53-87BE-E39B-9290-A890A7B3393F}"
EndProject
Project("{FAE04EC0-301F-11D3-BF4B-00C04F79EFBC}") = "Unity.RenderPipelines.Universal.Config.Runtime", "Unity.RenderPipelines.Universal.Config.Runtime.Player.csproj", "{045A3A1E-91AE-703E-621B-36F001C49496}"
EndProject
Project("{FAE04EC0-301F-11D3-BF4B-00C04F79EFBC}") = "Unity.RenderPipelines.ShaderGraph.ShaderGraphLibrary", "Unity.RenderPipelines.ShaderGraph.ShaderGraphLibrary.Player.csproj", "{6CCC28D3-9022-A232-3F8B-3E8FC548CD2F}"
EndProject
Project("{FAE04EC0-301F-11D3-BF4B-00C04F79EFBC}") = "Unity.RenderPipelines.Core.ShaderLibrary", "Unity.RenderPipelines.Core.ShaderLibrary.Player.csproj", "{D9B10849-B9B6-0B78-E36D-E80B6537C212}"
EndProject
Global
	GlobalSection(SolutionConfigurationPlatforms) = preSolution
		Debug|Any CPU = Debug|Any CPU
		Release|Any CPU = Release|Any CPU
	EndGlobalSection
	GlobalSection(ProjectConfigurationPlatforms) = postSolution
		{E301C225-400F-5FD7-3294-DEEDEE6E1362}.Debug|Any CPU.ActiveCfg = Debug|Any CPU
		{E301C225-400F-5FD7-3294-DEEDEE6E1362}.Debug|Any CPU.Build.0 = Debug|Any CPU
		{E301C225-400F-5FD7-3294-DEEDEE6E1362}.Release|Any CPU.ActiveCfg = Release|Any CPU
		{E301C225-400F-5FD7-3294-DEEDEE6E1362}.Release|Any CPU.Build.0 = Release|Any CPU
		{F47DACE7-8FF7-8A6E-BDD2-96A63BDD4BB7}.Debug|Any CPU.ActiveCfg = Debug|Any CPU
		{F47DACE7-8FF7-8A6E-BDD2-96A63BDD4BB7}.Debug|Any CPU.Build.0 = Debug|Any CPU
		{F47DACE7-8FF7-8A6E-BDD2-96A63BDD4BB7}.Release|Any CPU.ActiveCfg = Release|Any CPU
		{F47DACE7-8FF7-8A6E-BDD2-96A63BDD4BB7}.Release|Any CPU.Build.0 = Release|Any CPU
		{EE4662FD-4661-C483-11AF-F609F7E8E870}.Debug|Any CPU.ActiveCfg = Debug|Any CPU
		{EE4662FD-4661-C483-11AF-F609F7E8E870}.Debug|Any CPU.Build.0 = Debug|Any CPU
		{EE4662FD-4661-C483-11AF-F609F7E8E870}.Release|Any CPU.ActiveCfg = Release|Any CPU
		{EE4662FD-4661-C483-11AF-F609F7E8E870}.Release|Any CPU.Build.0 = Release|Any CPU
		{A5A465B4-5C79-98C1-A92C-51E9563E2FF8}.Debug|Any CPU.ActiveCfg = Debug|Any CPU
		{A5A465B4-5C79-98C1-A92C-51E9563E2FF8}.Debug|Any CPU.Build.0 = Debug|Any CPU
		{A5A465B4-5C79-98C1-A92C-51E9563E2FF8}.Release|Any CPU.ActiveCfg = Release|Any CPU
		{A5A465B4-5C79-98C1-A92C-51E9563E2FF8}.Release|Any CPU.Build.0 = Release|Any CPU
		{D6965656-DD68-296E-DF92-937827B02B83}.Debug|Any CPU.ActiveCfg = Debug|Any CPU
		{D6965656-DD68-296E-DF92-937827B02B83}.Debug|Any CPU.Build.0 = Debug|Any CPU
		{D6965656-DD68-296E-DF92-937827B02B83}.Release|Any CPU.ActiveCfg = Release|Any CPU
		{D6965656-DD68-296E-DF92-937827B02B83}.Release|Any CPU.Build.0 = Release|Any CPU
		{71F8F44E-0E1B-532E-FA66-54E80C382335}.Debug|Any CPU.ActiveCfg = Debug|Any CPU
		{71F8F44E-0E1B-532E-FA66-54E80C382335}.Debug|Any CPU.Build.0 = Debug|Any CPU
		{71F8F44E-0E1B-532E-FA66-54E80C382335}.Release|Any CPU.ActiveCfg = Release|Any CPU
		{71F8F44E-0E1B-532E-FA66-54E80C382335}.Release|Any CPU.Build.0 = Release|Any CPU
		{68C650D2-419E-BC34-EAD6-589324086582}.Debug|Any CPU.ActiveCfg = Debug|Any CPU
		{68C650D2-419E-BC34-EAD6-589324086582}.Debug|Any CPU.Build.0 = Debug|Any CPU
		{68C650D2-419E-BC34-EAD6-589324086582}.Release|Any CPU.ActiveCfg = Release|Any CPU
		{68C650D2-419E-BC34-EAD6-589324086582}.Release|Any CPU.Build.0 = Release|Any CPU
		{E5BB3518-1BCC-A3B0-1EC3-D2B6A01AD989}.Debug|Any CPU.ActiveCfg = Debug|Any CPU
		{E5BB3518-1BCC-A3B0-1EC3-D2B6A01AD989}.Debug|Any CPU.Build.0 = Debug|Any CPU
		{E5BB3518-1BCC-A3B0-1EC3-D2B6A01AD989}.Release|Any CPU.ActiveCfg = Release|Any CPU
		{E5BB3518-1BCC-A3B0-1EC3-D2B6A01AD989}.Release|Any CPU.Build.0 = Release|Any CPU
		{760FF283-A7F6-EC8B-E2E8-BE283F78693D}.Debug|Any CPU.ActiveCfg = Debug|Any CPU
		{760FF283-A7F6-EC8B-E2E8-BE283F78693D}.Debug|Any CPU.Build.0 = Debug|Any CPU
		{760FF283-A7F6-EC8B-E2E8-BE283F78693D}.Release|Any CPU.ActiveCfg = Release|Any CPU
		{760FF283-A7F6-EC8B-E2E8-BE283F78693D}.Release|Any CPU.Build.0 = Release|Any CPU
		{CB04EF56-A5D7-254C-4689-4A842437B21A}.Debug|Any CPU.ActiveCfg = Debug|Any CPU
		{CB04EF56-A5D7-254C-4689-4A842437B21A}.Debug|Any CPU.Build.0 = Debug|Any CPU
		{CB04EF56-A5D7-254C-4689-4A842437B21A}.Release|Any CPU.ActiveCfg = Release|Any CPU
		{CB04EF56-A5D7-254C-4689-4A842437B21A}.Release|Any CPU.Build.0 = Release|Any CPU
		{D9621662-D0A2-F992-C1B3-14F0CBF11F43}.Debug|Any CPU.ActiveCfg = Debug|Any CPU
		{D9621662-D0A2-F992-C1B3-14F0CBF11F43}.Debug|Any CPU.Build.0 = Debug|Any CPU
		{D9621662-D0A2-F992-C1B3-14F0CBF11F43}.Release|Any CPU.ActiveCfg = Release|Any CPU
		{D9621662-D0A2-F992-C1B3-14F0CBF11F43}.Release|Any CPU.Build.0 = Release|Any CPU
		{5C97A4C4-3336-82BD-2B51-CDAC98A89733}.Debug|Any CPU.ActiveCfg = Debug|Any CPU
		{5C97A4C4-3336-82BD-2B51-CDAC98A89733}.Debug|Any CPU.Build.0 = Debug|Any CPU
		{5C97A4C4-3336-82BD-2B51-CDAC98A89733}.Release|Any CPU.ActiveCfg = Release|Any CPU
		{5C97A4C4-3336-82BD-2B51-CDAC98A89733}.Release|Any CPU.Build.0 = Release|Any CPU
		{4252E42A-7211-9C70-7B1C-B323B1800E7F}.Debug|Any CPU.ActiveCfg = Debug|Any CPU
		{4252E42A-7211-9C70-7B1C-B323B1800E7F}.Debug|Any CPU.Build.0 = Debug|Any CPU
		{4252E42A-7211-9C70-7B1C-B323B1800E7F}.Release|Any CPU.ActiveCfg = Release|Any CPU
		{4252E42A-7211-9C70-7B1C-B323B1800E7F}.Release|Any CPU.Build.0 = Release|Any CPU
		{4AF082F2-9A7B-70EE-06F5-1A7141AF1951}.Debug|Any CPU.ActiveCfg = Debug|Any CPU
		{4AF082F2-9A7B-70EE-06F5-1A7141AF1951}.Debug|Any CPU.Build.0 = Debug|Any CPU
		{4AF082F2-9A7B-70EE-06F5-1A7141AF1951}.Release|Any CPU.ActiveCfg = Release|Any CPU
		{4AF082F2-9A7B-70EE-06F5-1A7141AF1951}.Release|Any CPU.Build.0 = Release|Any CPU
		{A442EDAB-E69D-1FF7-19E7-A97157203E93}.Debug|Any CPU.ActiveCfg = Debug|Any CPU
		{A442EDAB-E69D-1FF7-19E7-A97157203E93}.Debug|Any CPU.Build.0 = Debug|Any CPU
		{A442EDAB-E69D-1FF7-19E7-A97157203E93}.Release|Any CPU.ActiveCfg = Release|Any CPU
		{A442EDAB-E69D-1FF7-19E7-A97157203E93}.Release|Any CPU.Build.0 = Release|Any CPU
		{3A6E0156-4C1E-87AC-ECA0-A6653C6B98AF}.Debug|Any CPU.ActiveCfg = Debug|Any CPU
		{3A6E0156-4C1E-87AC-ECA0-A6653C6B98AF}.Debug|Any CPU.Build.0 = Debug|Any CPU
		{3A6E0156-4C1E-87AC-ECA0-A6653C6B98AF}.Release|Any CPU.ActiveCfg = Release|Any CPU
		{3A6E0156-4C1E-87AC-ECA0-A6653C6B98AF}.Release|Any CPU.Build.0 = Release|Any CPU
		{ACDFDF04-7B6E-4C8D-FB76-00C581D4B82A}.Debug|Any CPU.ActiveCfg = Debug|Any CPU
		{ACDFDF04-7B6E-4C8D-FB76-00C581D4B82A}.Debug|Any CPU.Build.0 = Debug|Any CPU
		{ACDFDF04-7B6E-4C8D-FB76-00C581D4B82A}.Release|Any CPU.ActiveCfg = Release|Any CPU
		{ACDFDF04-7B6E-4C8D-FB76-00C581D4B82A}.Release|Any CPU.Build.0 = Release|Any CPU
		{1A34DB04-4CD9-B2EB-F1A2-D086A153A1B4}.Debug|Any CPU.ActiveCfg = Debug|Any CPU
		{1A34DB04-4CD9-B2EB-F1A2-D086A153A1B4}.Debug|Any CPU.Build.0 = Debug|Any CPU
		{1A34DB04-4CD9-B2EB-F1A2-D086A153A1B4}.Release|Any CPU.ActiveCfg = Release|Any CPU
		{1A34DB04-4CD9-B2EB-F1A2-D086A153A1B4}.Release|Any CPU.Build.0 = Release|Any CPU
		{F754318F-C64F-F8B3-BD2C-8B25133F519E}.Debug|Any CPU.ActiveCfg = Debug|Any CPU
		{F754318F-C64F-F8B3-BD2C-8B25133F519E}.Debug|Any CPU.Build.0 = Debug|Any CPU
		{F754318F-C64F-F8B3-BD2C-8B25133F519E}.Release|Any CPU.ActiveCfg = Release|Any CPU
		{F754318F-C64F-F8B3-BD2C-8B25133F519E}.Release|Any CPU.Build.0 = Release|Any CPU
		{EFFE5F47-6B03-9A4B-AF0D-AB7A6784DFE5}.Debug|Any CPU.ActiveCfg = Debug|Any CPU
		{EFFE5F47-6B03-9A4B-AF0D-AB7A6784DFE5}.Debug|Any CPU.Build.0 = Debug|Any CPU
		{EFFE5F47-6B03-9A4B-AF0D-AB7A6784DFE5}.Release|Any CPU.ActiveCfg = Release|Any CPU
		{EFFE5F47-6B03-9A4B-AF0D-AB7A6784DFE5}.Release|Any CPU.Build.0 = Release|Any CPU
		{FA907FB7-5AFB-B6F9-E8D8-D623CA034CAD}.Debug|Any CPU.ActiveCfg = Debug|Any CPU
		{FA907FB7-5AFB-B6F9-E8D8-D623CA034CAD}.Debug|Any CPU.Build.0 = Debug|Any CPU
		{FA907FB7-5AFB-B6F9-E8D8-D623CA034CAD}.Release|Any CPU.ActiveCfg = Release|Any CPU
		{FA907FB7-5AFB-B6F9-E8D8-D623CA034CAD}.Release|Any CPU.Build.0 = Release|Any CPU
		{AF1A350F-AAB8-8C8A-EB7F-763AA17DF13E}.Debug|Any CPU.ActiveCfg = Debug|Any CPU
		{AF1A350F-AAB8-8C8A-EB7F-763AA17DF13E}.Debug|Any CPU.Build.0 = Debug|Any CPU
		{AF1A350F-AAB8-8C8A-EB7F-763AA17DF13E}.Release|Any CPU.ActiveCfg = Release|Any CPU
		{AF1A350F-AAB8-8C8A-EB7F-763AA17DF13E}.Release|Any CPU.Build.0 = Release|Any CPU
		{16064F54-8043-10B2-F9AF-039DB9BD7771}.Debug|Any CPU.ActiveCfg = Debug|Any CPU
		{16064F54-8043-10B2-F9AF-039DB9BD7771}.Debug|Any CPU.Build.0 = Debug|Any CPU
		{16064F54-8043-10B2-F9AF-039DB9BD7771}.Release|Any CPU.ActiveCfg = Release|Any CPU
		{16064F54-8043-10B2-F9AF-039DB9BD7771}.Release|Any CPU.Build.0 = Release|Any CPU
		{28F56561-C023-AA9D-4971-E108526317CA}.Debug|Any CPU.ActiveCfg = Debug|Any CPU
		{28F56561-C023-AA9D-4971-E108526317CA}.Debug|Any CPU.Build.0 = Debug|Any CPU
		{28F56561-C023-AA9D-4971-E108526317CA}.Release|Any CPU.ActiveCfg = Release|Any CPU
		{28F56561-C023-AA9D-4971-E108526317CA}.Release|Any CPU.Build.0 = Release|Any CPU
		{BBEB899E-4264-5CBF-9244-57C22483CA41}.Debug|Any CPU.ActiveCfg = Debug|Any CPU
		{BBEB899E-4264-5CBF-9244-57C22483CA41}.Debug|Any CPU.Build.0 = Debug|Any CPU
		{BBEB899E-4264-5CBF-9244-57C22483CA41}.Release|Any CPU.ActiveCfg = Release|Any CPU
		{BBEB899E-4264-5CBF-9244-57C22483CA41}.Release|Any CPU.Build.0 = Release|Any CPU
		{AC4265FC-23E2-EAEC-B59F-07D5EACDA86F}.Debug|Any CPU.ActiveCfg = Debug|Any CPU
		{AC4265FC-23E2-EAEC-B59F-07D5EACDA86F}.Debug|Any CPU.Build.0 = Debug|Any CPU
		{AC4265FC-23E2-EAEC-B59F-07D5EACDA86F}.Release|Any CPU.ActiveCfg = Release|Any CPU
		{AC4265FC-23E2-EAEC-B59F-07D5EACDA86F}.Release|Any CPU.Build.0 = Release|Any CPU
		{BE8D3F87-D262-B4FD-8A65-C5DE79DF596A}.Debug|Any CPU.ActiveCfg = Debug|Any CPU
		{BE8D3F87-D262-B4FD-8A65-C5DE79DF596A}.Debug|Any CPU.Build.0 = Debug|Any CPU
		{BE8D3F87-D262-B4FD-8A65-C5DE79DF596A}.Release|Any CPU.ActiveCfg = Release|Any CPU
		{BE8D3F87-D262-B4FD-8A65-C5DE79DF596A}.Release|Any CPU.Build.0 = Release|Any CPU
		{20B49D63-0A3A-9EB1-5CCF-DA4CEC6792E0}.Debug|Any CPU.ActiveCfg = Debug|Any CPU
		{20B49D63-0A3A-9EB1-5CCF-DA4CEC6792E0}.Debug|Any CPU.Build.0 = Debug|Any CPU
		{20B49D63-0A3A-9EB1-5CCF-DA4CEC6792E0}.Release|Any CPU.ActiveCfg = Release|Any CPU
		{20B49D63-0A3A-9EB1-5CCF-DA4CEC6792E0}.Release|Any CPU.Build.0 = Release|Any CPU
		{80366F34-FA1B-0137-69A2-73E3E6813EED}.Debug|Any CPU.ActiveCfg = Debug|Any CPU
		{80366F34-FA1B-0137-69A2-73E3E6813EED}.Debug|Any CPU.Build.0 = Debug|Any CPU
		{80366F34-FA1B-0137-69A2-73E3E6813EED}.Release|Any CPU.ActiveCfg = Release|Any CPU
		{80366F34-FA1B-0137-69A2-73E3E6813EED}.Release|Any CPU.Build.0 = Release|Any CPU
		{6A2C1FBD-718D-64E8-C035-0E659B97F7CC}.Debug|Any CPU.ActiveCfg = Debug|Any CPU
		{6A2C1FBD-718D-64E8-C035-0E659B97F7CC}.Debug|Any CPU.Build.0 = Debug|Any CPU
		{6A2C1FBD-718D-64E8-C035-0E659B97F7CC}.Release|Any CPU.ActiveCfg = Release|Any CPU
		{6A2C1FBD-718D-64E8-C035-0E659B97F7CC}.Release|Any CPU.Build.0 = Release|Any CPU
		{C2CC5FF7-A973-2968-17EF-4DBB837BD9E1}.Debug|Any CPU.ActiveCfg = Debug|Any CPU
		{C2CC5FF7-A973-2968-17EF-4DBB837BD9E1}.Debug|Any CPU.Build.0 = Debug|Any CPU
		{C2CC5FF7-A973-2968-17EF-4DBB837BD9E1}.Release|Any CPU.ActiveCfg = Release|Any CPU
		{C2CC5FF7-A973-2968-17EF-4DBB837BD9E1}.Release|Any CPU.Build.0 = Release|Any CPU
		{1325818F-F429-D046-F2A5-655AF9BC0C78}.Debug|Any CPU.ActiveCfg = Debug|Any CPU
		{1325818F-F429-D046-F2A5-655AF9BC0C78}.Debug|Any CPU.Build.0 = Debug|Any CPU
		{1325818F-F429-D046-F2A5-655AF9BC0C78}.Release|Any CPU.ActiveCfg = Release|Any CPU
		{1325818F-F429-D046-F2A5-655AF9BC0C78}.Release|Any CPU.Build.0 = Release|Any CPU
		{250E33CB-B5AA-BBEF-4C4B-6C8D8EAE60CC}.Debug|Any CPU.ActiveCfg = Debug|Any CPU
		{250E33CB-B5AA-BBEF-4C4B-6C8D8EAE60CC}.Debug|Any CPU.Build.0 = Debug|Any CPU
		{250E33CB-B5AA-BBEF-4C4B-6C8D8EAE60CC}.Release|Any CPU.ActiveCfg = Release|Any CPU
		{250E33CB-B5AA-BBEF-4C4B-6C8D8EAE60CC}.Release|Any CPU.Build.0 = Release|Any CPU
		{045CA53A-E4D1-1131-18D7-7AAB96532602}.Debug|Any CPU.ActiveCfg = Debug|Any CPU
		{045CA53A-E4D1-1131-18D7-7AAB96532602}.Debug|Any CPU.Build.0 = Debug|Any CPU
		{045CA53A-E4D1-1131-18D7-7AAB96532602}.Release|Any CPU.ActiveCfg = Release|Any CPU
		{045CA53A-E4D1-1131-18D7-7AAB96532602}.Release|Any CPU.Build.0 = Release|Any CPU
		{B8B9ED10-BAB6-8FFE-289B-4FBC052C214E}.Debug|Any CPU.ActiveCfg = Debug|Any CPU
		{B8B9ED10-BAB6-8FFE-289B-4FBC052C214E}.Debug|Any CPU.Build.0 = Debug|Any CPU
		{B8B9ED10-BAB6-8FFE-289B-4FBC052C214E}.Release|Any CPU.ActiveCfg = Release|Any CPU
		{B8B9ED10-BAB6-8FFE-289B-4FBC052C214E}.Release|Any CPU.Build.0 = Release|Any CPU
		{3F7E3880-01F1-4CE9-BDD2-8D076363BA2F}.Debug|Any CPU.ActiveCfg = Debug|Any CPU
		{3F7E3880-01F1-4CE9-BDD2-8D076363BA2F}.Debug|Any CPU.Build.0 = Debug|Any CPU
		{3F7E3880-01F1-4CE9-BDD2-8D076363BA2F}.Release|Any CPU.ActiveCfg = Release|Any CPU
		{3F7E3880-01F1-4CE9-BDD2-8D076363BA2F}.Release|Any CPU.Build.0 = Release|Any CPU
		{39AED959-7AAB-8A24-DB9E-265E7379126F}.Debug|Any CPU.ActiveCfg = Debug|Any CPU
		{39AED959-7AAB-8A24-DB9E-265E7379126F}.Debug|Any CPU.Build.0 = Debug|Any CPU
		{39AED959-7AAB-8A24-DB9E-265E7379126F}.Release|Any CPU.ActiveCfg = Release|Any CPU
		{39AED959-7AAB-8A24-DB9E-265E7379126F}.Release|Any CPU.Build.0 = Release|Any CPU
		{BC97C55A-CDFE-A747-0CC0-30DBCFD57277}.Debug|Any CPU.ActiveCfg = Debug|Any CPU
		{BC97C55A-CDFE-A747-0CC0-30DBCFD57277}.Debug|Any CPU.Build.0 = Debug|Any CPU
		{BC97C55A-CDFE-A747-0CC0-30DBCFD57277}.Release|Any CPU.ActiveCfg = Release|Any CPU
		{BC97C55A-CDFE-A747-0CC0-30DBCFD57277}.Release|Any CPU.Build.0 = Release|Any CPU
		{84E8E76D-3476-31C3-3AE6-DED6EC3C67C1}.Debug|Any CPU.ActiveCfg = Debug|Any CPU
		{84E8E76D-3476-31C3-3AE6-DED6EC3C67C1}.Debug|Any CPU.Build.0 = Debug|Any CPU
		{84E8E76D-3476-31C3-3AE6-DED6EC3C67C1}.Release|Any CPU.ActiveCfg = Release|Any CPU
		{84E8E76D-3476-31C3-3AE6-DED6EC3C67C1}.Release|Any CPU.Build.0 = Release|Any CPU
		{BD45FA02-0AC3-89C7-DD02-D21CF6CEAF9C}.Debug|Any CPU.ActiveCfg = Debug|Any CPU
		{BD45FA02-0AC3-89C7-DD02-D21CF6CEAF9C}.Debug|Any CPU.Build.0 = Debug|Any CPU
		{BD45FA02-0AC3-89C7-DD02-D21CF6CEAF9C}.Release|Any CPU.ActiveCfg = Release|Any CPU
		{BD45FA02-0AC3-89C7-DD02-D21CF6CEAF9C}.Release|Any CPU.Build.0 = Release|Any CPU
		{9E407B79-2218-F46A-0E18-FABE35B39528}.Debug|Any CPU.ActiveCfg = Debug|Any CPU
		{9E407B79-2218-F46A-0E18-FABE35B39528}.Debug|Any CPU.Build.0 = Debug|Any CPU
		{9E407B79-2218-F46A-0E18-FABE35B39528}.Release|Any CPU.ActiveCfg = Release|Any CPU
		{9E407B79-2218-F46A-0E18-FABE35B39528}.Release|Any CPU.Build.0 = Release|Any CPU
		{EE0BB123-7249-26F2-682B-747AE9D79B6F}.Debug|Any CPU.ActiveCfg = Debug|Any CPU
		{EE0BB123-7249-26F2-682B-747AE9D79B6F}.Debug|Any CPU.Build.0 = Debug|Any CPU
		{EE0BB123-7249-26F2-682B-747AE9D79B6F}.Release|Any CPU.ActiveCfg = Release|Any CPU
		{EE0BB123-7249-26F2-682B-747AE9D79B6F}.Release|Any CPU.Build.0 = Release|Any CPU
		{DD292582-5919-3B2F-9872-2915897678D3}.Debug|Any CPU.ActiveCfg = Debug|Any CPU
		{DD292582-5919-3B2F-9872-2915897678D3}.Debug|Any CPU.Build.0 = Debug|Any CPU
		{DD292582-5919-3B2F-9872-2915897678D3}.Release|Any CPU.ActiveCfg = Release|Any CPU
		{DD292582-5919-3B2F-9872-2915897678D3}.Release|Any CPU.Build.0 = Release|Any CPU
		{44EAF8BE-7DA2-50B4-4ACB-03F082760100}.Debug|Any CPU.ActiveCfg = Debug|Any CPU
		{44EAF8BE-7DA2-50B4-4ACB-03F082760100}.Debug|Any CPU.Build.0 = Debug|Any CPU
		{44EAF8BE-7DA2-50B4-4ACB-03F082760100}.Release|Any CPU.ActiveCfg = Release|Any CPU
		{44EAF8BE-7DA2-50B4-4ACB-03F082760100}.Release|Any CPU.Build.0 = Release|Any CPU
		{61D9B0AE-ABE2-D6C4-4BFD-A09A33139CFC}.Debug|Any CPU.ActiveCfg = Debug|Any CPU
		{61D9B0AE-ABE2-D6C4-4BFD-A09A33139CFC}.Debug|Any CPU.Build.0 = Debug|Any CPU
		{61D9B0AE-ABE2-D6C4-4BFD-A09A33139CFC}.Release|Any CPU.ActiveCfg = Release|Any CPU
		{61D9B0AE-ABE2-D6C4-4BFD-A09A33139CFC}.Release|Any CPU.Build.0 = Release|Any CPU
		{83A33550-9375-625C-8ECF-5262645F3E88}.Debug|Any CPU.ActiveCfg = Debug|Any CPU
		{83A33550-9375-625C-8ECF-5262645F3E88}.Debug|Any CPU.Build.0 = Debug|Any CPU
		{83A33550-9375-625C-8ECF-5262645F3E88}.Release|Any CPU.ActiveCfg = Release|Any CPU
		{83A33550-9375-625C-8ECF-5262645F3E88}.Release|Any CPU.Build.0 = Release|Any CPU
		{EB0D0020-6DA4-5E2A-01C4-4D1DF161FD38}.Debug|Any CPU.ActiveCfg = Debug|Any CPU
		{EB0D0020-6DA4-5E2A-01C4-4D1DF161FD38}.Debug|Any CPU.Build.0 = Debug|Any CPU
		{EB0D0020-6DA4-5E2A-01C4-4D1DF161FD38}.Release|Any CPU.ActiveCfg = Release|Any CPU
		{EB0D0020-6DA4-5E2A-01C4-4D1DF161FD38}.Release|Any CPU.Build.0 = Release|Any CPU
		{2241DDE4-5961-390F-7A3C-1FE6EE785298}.Debug|Any CPU.ActiveCfg = Debug|Any CPU
		{2241DDE4-5961-390F-7A3C-1FE6EE785298}.Debug|Any CPU.Build.0 = Debug|Any CPU
		{2241DDE4-5961-390F-7A3C-1FE6EE785298}.Release|Any CPU.ActiveCfg = Release|Any CPU
		{2241DDE4-5961-390F-7A3C-1FE6EE785298}.Release|Any CPU.Build.0 = Release|Any CPU
		{B615FBEB-B5BF-9C50-AF25-6D03403DB55D}.Debug|Any CPU.ActiveCfg = Debug|Any CPU
		{B615FBEB-B5BF-9C50-AF25-6D03403DB55D}.Debug|Any CPU.Build.0 = Debug|Any CPU
		{B615FBEB-B5BF-9C50-AF25-6D03403DB55D}.Release|Any CPU.ActiveCfg = Release|Any CPU
		{B615FBEB-B5BF-9C50-AF25-6D03403DB55D}.Release|Any CPU.Build.0 = Release|Any CPU
		{63177125-5159-C97A-AF63-63E8EB5A2E0A}.Debug|Any CPU.ActiveCfg = Debug|Any CPU
		{63177125-5159-C97A-AF63-63E8EB5A2E0A}.Debug|Any CPU.Build.0 = Debug|Any CPU
		{63177125-5159-C97A-AF63-63E8EB5A2E0A}.Release|Any CPU.ActiveCfg = Release|Any CPU
		{63177125-5159-C97A-AF63-63E8EB5A2E0A}.Release|Any CPU.Build.0 = Release|Any CPU
		{96AA57C0-6851-3D14-D7F4-317408A02D30}.Debug|Any CPU.ActiveCfg = Debug|Any CPU
		{96AA57C0-6851-3D14-D7F4-317408A02D30}.Debug|Any CPU.Build.0 = Debug|Any CPU
		{96AA57C0-6851-3D14-D7F4-317408A02D30}.Release|Any CPU.ActiveCfg = Release|Any CPU
		{96AA57C0-6851-3D14-D7F4-317408A02D30}.Release|Any CPU.Build.0 = Release|Any CPU
		{40081C00-FDF6-3E3C-3097-F5F890E66606}.Debug|Any CPU.ActiveCfg = Debug|Any CPU
		{40081C00-FDF6-3E3C-3097-F5F890E66606}.Debug|Any CPU.Build.0 = Debug|Any CPU
		{40081C00-FDF6-3E3C-3097-F5F890E66606}.Release|Any CPU.ActiveCfg = Release|Any CPU
		{40081C00-FDF6-3E3C-3097-F5F890E66606}.Release|Any CPU.Build.0 = Release|Any CPU
		{2BA7AAA2-8F21-C87F-5ACE-4F70E3762181}.Debug|Any CPU.ActiveCfg = Debug|Any CPU
		{2BA7AAA2-8F21-C87F-5ACE-4F70E3762181}.Debug|Any CPU.Build.0 = Debug|Any CPU
		{2BA7AAA2-8F21-C87F-5ACE-4F70E3762181}.Release|Any CPU.ActiveCfg = Release|Any CPU
		{2BA7AAA2-8F21-C87F-5ACE-4F70E3762181}.Release|Any CPU.Build.0 = Release|Any CPU
		{6E94C822-6804-FD80-654F-2D64ED0DE9AF}.Debug|Any CPU.ActiveCfg = Debug|Any CPU
		{6E94C822-6804-FD80-654F-2D64ED0DE9AF}.Debug|Any CPU.Build.0 = Debug|Any CPU
		{6E94C822-6804-FD80-654F-2D64ED0DE9AF}.Release|Any CPU.ActiveCfg = Release|Any CPU
		{6E94C822-6804-FD80-654F-2D64ED0DE9AF}.Release|Any CPU.Build.0 = Release|Any CPU
		{272A18B7-2388-60AF-BDC2-96A7B49D5555}.Debug|Any CPU.ActiveCfg = Debug|Any CPU
		{272A18B7-2388-60AF-BDC2-96A7B49D5555}.Debug|Any CPU.Build.0 = Debug|Any CPU
		{272A18B7-2388-60AF-BDC2-96A7B49D5555}.Release|Any CPU.ActiveCfg = Release|Any CPU
		{272A18B7-2388-60AF-BDC2-96A7B49D5555}.Release|Any CPU.Build.0 = Release|Any CPU
		{D99C6D8B-16D3-1051-AD0B-44EA097AB035}.Debug|Any CPU.ActiveCfg = Debug|Any CPU
		{D99C6D8B-16D3-1051-AD0B-44EA097AB035}.Debug|Any CPU.Build.0 = Debug|Any CPU
		{D99C6D8B-16D3-1051-AD0B-44EA097AB035}.Release|Any CPU.ActiveCfg = Release|Any CPU
		{D99C6D8B-16D3-1051-AD0B-44EA097AB035}.Release|Any CPU.Build.0 = Release|Any CPU
		{A97CB9E2-6225-C976-0E4B-07DB12A9CFB0}.Debug|Any CPU.ActiveCfg = Debug|Any CPU
		{A97CB9E2-6225-C976-0E4B-07DB12A9CFB0}.Debug|Any CPU.Build.0 = Debug|Any CPU
		{A97CB9E2-6225-C976-0E4B-07DB12A9CFB0}.Release|Any CPU.ActiveCfg = Release|Any CPU
		{A97CB9E2-6225-C976-0E4B-07DB12A9CFB0}.Release|Any CPU.Build.0 = Release|Any CPU
		{64C7204D-387F-3CFF-2904-5CF42264A655}.Debug|Any CPU.ActiveCfg = Debug|Any CPU
		{64C7204D-387F-3CFF-2904-5CF42264A655}.Debug|Any CPU.Build.0 = Debug|Any CPU
		{64C7204D-387F-3CFF-2904-5CF42264A655}.Release|Any CPU.ActiveCfg = Release|Any CPU
		{64C7204D-387F-3CFF-2904-5CF42264A655}.Release|Any CPU.Build.0 = Release|Any CPU
		{AC86FE44-FA34-5185-D4AF-C79B50395EF8}.Debug|Any CPU.ActiveCfg = Debug|Any CPU
		{AC86FE44-FA34-5185-D4AF-C79B50395EF8}.Debug|Any CPU.Build.0 = Debug|Any CPU
		{AC86FE44-FA34-5185-D4AF-C79B50395EF8}.Release|Any CPU.ActiveCfg = Release|Any CPU
		{AC86FE44-FA34-5185-D4AF-C79B50395EF8}.Release|Any CPU.Build.0 = Release|Any CPU
		{A1ABA22C-5F95-14FB-115F-7164CF925B3A}.Debug|Any CPU.ActiveCfg = Debug|Any CPU
		{A1ABA22C-5F95-14FB-115F-7164CF925B3A}.Debug|Any CPU.Build.0 = Debug|Any CPU
		{A1ABA22C-5F95-14FB-115F-7164CF925B3A}.Release|Any CPU.ActiveCfg = Release|Any CPU
		{A1ABA22C-5F95-14FB-115F-7164CF925B3A}.Release|Any CPU.Build.0 = Release|Any CPU
		{3995C26C-5CC9-3451-D275-1C1C08447371}.Debug|Any CPU.ActiveCfg = Debug|Any CPU
		{3995C26C-5CC9-3451-D275-1C1C08447371}.Debug|Any CPU.Build.0 = Debug|Any CPU
		{3995C26C-5CC9-3451-D275-1C1C08447371}.Release|Any CPU.ActiveCfg = Release|Any CPU
		{3995C26C-5CC9-3451-D275-1C1C08447371}.Release|Any CPU.Build.0 = Release|Any CPU
		{95FAF9B0-351B-A846-0EFC-8E8ED69AE4FF}.Debug|Any CPU.ActiveCfg = Debug|Any CPU
		{95FAF9B0-351B-A846-0EFC-8E8ED69AE4FF}.Debug|Any CPU.Build.0 = Debug|Any CPU
		{95FAF9B0-351B-A846-0EFC-8E8ED69AE4FF}.Release|Any CPU.ActiveCfg = Release|Any CPU
		{95FAF9B0-351B-A846-0EFC-8E8ED69AE4FF}.Release|Any CPU.Build.0 = Release|Any CPU
		{948BD285-6BAC-EFC5-E0B7-3C02805977B2}.Debug|Any CPU.ActiveCfg = Debug|Any CPU
		{948BD285-6BAC-EFC5-E0B7-3C02805977B2}.Debug|Any CPU.Build.0 = Debug|Any CPU
		{948BD285-6BAC-EFC5-E0B7-3C02805977B2}.Release|Any CPU.ActiveCfg = Release|Any CPU
		{948BD285-6BAC-EFC5-E0B7-3C02805977B2}.Release|Any CPU.Build.0 = Release|Any CPU
		{B704BEFD-0DF9-89E0-D898-0579CED56AEA}.Debug|Any CPU.ActiveCfg = Debug|Any CPU
		{B704BEFD-0DF9-89E0-D898-0579CED56AEA}.Debug|Any CPU.Build.0 = Debug|Any CPU
		{B704BEFD-0DF9-89E0-D898-0579CED56AEA}.Release|Any CPU.ActiveCfg = Release|Any CPU
		{B704BEFD-0DF9-89E0-D898-0579CED56AEA}.Release|Any CPU.Build.0 = Release|Any CPU
		{AFE11F06-B779-2E1E-455F-9038D034FCB7}.Debug|Any CPU.ActiveCfg = Debug|Any CPU
		{AFE11F06-B779-2E1E-455F-9038D034FCB7}.Debug|Any CPU.Build.0 = Debug|Any CPU
		{AFE11F06-B779-2E1E-455F-9038D034FCB7}.Release|Any CPU.ActiveCfg = Release|Any CPU
		{AFE11F06-B779-2E1E-455F-9038D034FCB7}.Release|Any CPU.Build.0 = Release|Any CPU
		{A503EF35-BC4B-ADD2-ECCD-EE513163AC20}.Debug|Any CPU.ActiveCfg = Debug|Any CPU
		{A503EF35-BC4B-ADD2-ECCD-EE513163AC20}.Debug|Any CPU.Build.0 = Debug|Any CPU
		{A503EF35-BC4B-ADD2-ECCD-EE513163AC20}.Release|Any CPU.ActiveCfg = Release|Any CPU
		{A503EF35-BC4B-ADD2-ECCD-EE513163AC20}.Release|Any CPU.Build.0 = Release|Any CPU
		{A47B36EC-CE5F-6ED5-CF1E-6DA1617407EE}.Debug|Any CPU.ActiveCfg = Debug|Any CPU
		{A47B36EC-CE5F-6ED5-CF1E-6DA1617407EE}.Debug|Any CPU.Build.0 = Debug|Any CPU
		{A47B36EC-CE5F-6ED5-CF1E-6DA1617407EE}.Release|Any CPU.ActiveCfg = Release|Any CPU
		{A47B36EC-CE5F-6ED5-CF1E-6DA1617407EE}.Release|Any CPU.Build.0 = Release|Any CPU
		{A69CFF54-EFC2-E864-8F51-42F8AF209C5E}.Debug|Any CPU.ActiveCfg = Debug|Any CPU
		{A69CFF54-EFC2-E864-8F51-42F8AF209C5E}.Debug|Any CPU.Build.0 = Debug|Any CPU
		{A69CFF54-EFC2-E864-8F51-42F8AF209C5E}.Release|Any CPU.ActiveCfg = Release|Any CPU
		{A69CFF54-EFC2-E864-8F51-42F8AF209C5E}.Release|Any CPU.Build.0 = Release|Any CPU
		{575A7A24-0A20-047C-DEA7-2F7D726A06FE}.Debug|Any CPU.ActiveCfg = Debug|Any CPU
		{575A7A24-0A20-047C-DEA7-2F7D726A06FE}.Debug|Any CPU.Build.0 = Debug|Any CPU
		{575A7A24-0A20-047C-DEA7-2F7D726A06FE}.Release|Any CPU.ActiveCfg = Release|Any CPU
		{575A7A24-0A20-047C-DEA7-2F7D726A06FE}.Release|Any CPU.Build.0 = Release|Any CPU
		{7FAF118A-EDC2-88BD-94FC-13F5FD31D269}.Debug|Any CPU.ActiveCfg = Debug|Any CPU
		{7FAF118A-EDC2-88BD-94FC-13F5FD31D269}.Debug|Any CPU.Build.0 = Debug|Any CPU
		{7FAF118A-EDC2-88BD-94FC-13F5FD31D269}.Release|Any CPU.ActiveCfg = Release|Any CPU
		{7FAF118A-EDC2-88BD-94FC-13F5FD31D269}.Release|Any CPU.Build.0 = Release|Any CPU
		{05F82E3E-C61E-F326-8959-02ACD50FAC92}.Debug|Any CPU.ActiveCfg = Debug|Any CPU
		{05F82E3E-C61E-F326-8959-02ACD50FAC92}.Debug|Any CPU.Build.0 = Debug|Any CPU
		{05F82E3E-C61E-F326-8959-02ACD50FAC92}.Release|Any CPU.ActiveCfg = Release|Any CPU
		{05F82E3E-C61E-F326-8959-02ACD50FAC92}.Release|Any CPU.Build.0 = Release|Any CPU
		{C403635E-0CCE-1F16-EBDB-69D750C804D1}.Debug|Any CPU.ActiveCfg = Debug|Any CPU
		{C403635E-0CCE-1F16-EBDB-69D750C804D1}.Debug|Any CPU.Build.0 = Debug|Any CPU
		{C403635E-0CCE-1F16-EBDB-69D750C804D1}.Release|Any CPU.ActiveCfg = Release|Any CPU
		{C403635E-0CCE-1F16-EBDB-69D750C804D1}.Release|Any CPU.Build.0 = Release|Any CPU
		{1D4ED440-4B05-F95D-8DC0-C321E53D0035}.Debug|Any CPU.ActiveCfg = Debug|Any CPU
		{1D4ED440-4B05-F95D-8DC0-C321E53D0035}.Debug|Any CPU.Build.0 = Debug|Any CPU
		{1D4ED440-4B05-F95D-8DC0-C321E53D0035}.Release|Any CPU.ActiveCfg = Release|Any CPU
		{1D4ED440-4B05-F95D-8DC0-C321E53D0035}.Release|Any CPU.Build.0 = Release|Any CPU
		{AAA36D2F-9514-0704-7C47-E375C16AB6E3}.Debug|Any CPU.ActiveCfg = Debug|Any CPU
		{AAA36D2F-9514-0704-7C47-E375C16AB6E3}.Debug|Any CPU.Build.0 = Debug|Any CPU
		{AAA36D2F-9514-0704-7C47-E375C16AB6E3}.Release|Any CPU.ActiveCfg = Release|Any CPU
		{AAA36D2F-9514-0704-7C47-E375C16AB6E3}.Release|Any CPU.Build.0 = Release|Any CPU
		{1D7F4A08-09AF-2503-654D-51C262627C79}.Debug|Any CPU.ActiveCfg = Debug|Any CPU
		{1D7F4A08-09AF-2503-654D-51C262627C79}.Debug|Any CPU.Build.0 = Debug|Any CPU
		{1D7F4A08-09AF-2503-654D-51C262627C79}.Release|Any CPU.ActiveCfg = Release|Any CPU
		{1D7F4A08-09AF-2503-654D-51C262627C79}.Release|Any CPU.Build.0 = Release|Any CPU
		{CAB07596-24B5-F05C-B17B-52CD8FC69DE2}.Debug|Any CPU.ActiveCfg = Debug|Any CPU
		{CAB07596-24B5-F05C-B17B-52CD8FC69DE2}.Debug|Any CPU.Build.0 = Debug|Any CPU
		{CAB07596-24B5-F05C-B17B-52CD8FC69DE2}.Release|Any CPU.ActiveCfg = Release|Any CPU
		{CAB07596-24B5-F05C-B17B-52CD8FC69DE2}.Release|Any CPU.Build.0 = Release|Any CPU
		{0E8B0444-BF91-6644-9496-B5D94F305E35}.Debug|Any CPU.ActiveCfg = Debug|Any CPU
		{0E8B0444-BF91-6644-9496-B5D94F305E35}.Debug|Any CPU.Build.0 = Debug|Any CPU
		{0E8B0444-BF91-6644-9496-B5D94F305E35}.Release|Any CPU.ActiveCfg = Release|Any CPU
		{0E8B0444-BF91-6644-9496-B5D94F305E35}.Release|Any CPU.Build.0 = Release|Any CPU
		{53D00882-B747-F995-29D7-A442072DB9A5}.Debug|Any CPU.ActiveCfg = Debug|Any CPU
		{53D00882-B747-F995-29D7-A442072DB9A5}.Debug|Any CPU.Build.0 = Debug|Any CPU
		{53D00882-B747-F995-29D7-A442072DB9A5}.Release|Any CPU.ActiveCfg = Release|Any CPU
		{53D00882-B747-F995-29D7-A442072DB9A5}.Release|Any CPU.Build.0 = Release|Any CPU
		{B393846F-E397-5A00-B548-60505C64AD29}.Debug|Any CPU.ActiveCfg = Debug|Any CPU
		{B393846F-E397-5A00-B548-60505C64AD29}.Debug|Any CPU.Build.0 = Debug|Any CPU
		{B393846F-E397-5A00-B548-60505C64AD29}.Release|Any CPU.ActiveCfg = Release|Any CPU
		{B393846F-E397-5A00-B548-60505C64AD29}.Release|Any CPU.Build.0 = Release|Any CPU
		{6EA3B09D-2572-CDB2-E41F-7CD0CC261811}.Debug|Any CPU.ActiveCfg = Debug|Any CPU
		{6EA3B09D-2572-CDB2-E41F-7CD0CC261811}.Debug|Any CPU.Build.0 = Debug|Any CPU
		{6EA3B09D-2572-CDB2-E41F-7CD0CC261811}.Release|Any CPU.ActiveCfg = Release|Any CPU
		{6EA3B09D-2572-CDB2-E41F-7CD0CC261811}.Release|Any CPU.Build.0 = Release|Any CPU
		{A01D1C0A-32C5-BCC7-B202-F11743E6CDF0}.Debug|Any CPU.ActiveCfg = Debug|Any CPU
		{A01D1C0A-32C5-BCC7-B202-F11743E6CDF0}.Debug|Any CPU.Build.0 = Debug|Any CPU
		{A01D1C0A-32C5-BCC7-B202-F11743E6CDF0}.Release|Any CPU.ActiveCfg = Release|Any CPU
		{A01D1C0A-32C5-BCC7-B202-F11743E6CDF0}.Release|Any CPU.Build.0 = Release|Any CPU
		{091658C4-AC9C-5EE3-708B-FAE7EE61EB02}.Debug|Any CPU.ActiveCfg = Debug|Any CPU
		{091658C4-AC9C-5EE3-708B-FAE7EE61EB02}.Debug|Any CPU.Build.0 = Debug|Any CPU
		{091658C4-AC9C-5EE3-708B-FAE7EE61EB02}.Release|Any CPU.ActiveCfg = Release|Any CPU
		{091658C4-AC9C-5EE3-708B-FAE7EE61EB02}.Release|Any CPU.Build.0 = Release|Any CPU
		{28F0F831-0C0D-AEA2-2F59-DE0D7619D4F5}.Debug|Any CPU.ActiveCfg = Debug|Any CPU
		{28F0F831-0C0D-AEA2-2F59-DE0D7619D4F5}.Debug|Any CPU.Build.0 = Debug|Any CPU
		{28F0F831-0C0D-AEA2-2F59-DE0D7619D4F5}.Release|Any CPU.ActiveCfg = Release|Any CPU
		{28F0F831-0C0D-AEA2-2F59-DE0D7619D4F5}.Release|Any CPU.Build.0 = Release|Any CPU
		{4884BE17-F761-0133-64DB-5F9B418345CD}.Debug|Any CPU.ActiveCfg = Debug|Any CPU
		{4884BE17-F761-0133-64DB-5F9B418345CD}.Debug|Any CPU.Build.0 = Debug|Any CPU
		{4884BE17-F761-0133-64DB-5F9B418345CD}.Release|Any CPU.ActiveCfg = Release|Any CPU
		{4884BE17-F761-0133-64DB-5F9B418345CD}.Release|Any CPU.Build.0 = Release|Any CPU
		{4B00FD68-E8DF-9442-2BF6-0B655B118324}.Debug|Any CPU.ActiveCfg = Debug|Any CPU
		{4B00FD68-E8DF-9442-2BF6-0B655B118324}.Debug|Any CPU.Build.0 = Debug|Any CPU
		{4B00FD68-E8DF-9442-2BF6-0B655B118324}.Release|Any CPU.ActiveCfg = Release|Any CPU
		{4B00FD68-E8DF-9442-2BF6-0B655B118324}.Release|Any CPU.Build.0 = Release|Any CPU
		{E7D76D9B-87FA-E1A9-607D-E3455EE95092}.Debug|Any CPU.ActiveCfg = Debug|Any CPU
		{E7D76D9B-87FA-E1A9-607D-E3455EE95092}.Debug|Any CPU.Build.0 = Debug|Any CPU
		{E7D76D9B-87FA-E1A9-607D-E3455EE95092}.Release|Any CPU.ActiveCfg = Release|Any CPU
		{E7D76D9B-87FA-E1A9-607D-E3455EE95092}.Release|Any CPU.Build.0 = Release|Any CPU
		{2ADB7B30-3775-F5DA-46CF-7AD57D173ADA}.Debug|Any CPU.ActiveCfg = Debug|Any CPU
		{2ADB7B30-3775-F5DA-46CF-7AD57D173ADA}.Debug|Any CPU.Build.0 = Debug|Any CPU
		{2ADB7B30-3775-F5DA-46CF-7AD57D173ADA}.Release|Any CPU.ActiveCfg = Release|Any CPU
		{2ADB7B30-3775-F5DA-46CF-7AD57D173ADA}.Release|Any CPU.Build.0 = Release|Any CPU
		{EA861B1A-BA70-2F1B-4186-3819E22B50CC}.Debug|Any CPU.ActiveCfg = Debug|Any CPU
		{EA861B1A-BA70-2F1B-4186-3819E22B50CC}.Debug|Any CPU.Build.0 = Debug|Any CPU
		{EA861B1A-BA70-2F1B-4186-3819E22B50CC}.Release|Any CPU.ActiveCfg = Release|Any CPU
		{EA861B1A-BA70-2F1B-4186-3819E22B50CC}.Release|Any CPU.Build.0 = Release|Any CPU
		{5D6EAFE0-385B-1AC2-3CBB-8DCB930378FF}.Debug|Any CPU.ActiveCfg = Debug|Any CPU
		{5D6EAFE0-385B-1AC2-3CBB-8DCB930378FF}.Debug|Any CPU.Build.0 = Debug|Any CPU
		{5D6EAFE0-385B-1AC2-3CBB-8DCB930378FF}.Release|Any CPU.ActiveCfg = Release|Any CPU
		{5D6EAFE0-385B-1AC2-3CBB-8DCB930378FF}.Release|Any CPU.Build.0 = Release|Any CPU
		{6682D37F-4ACF-DBE9-6DAA-173B31517B24}.Debug|Any CPU.ActiveCfg = Debug|Any CPU
		{6682D37F-4ACF-DBE9-6DAA-173B31517B24}.Debug|Any CPU.Build.0 = Debug|Any CPU
		{6682D37F-4ACF-DBE9-6DAA-173B31517B24}.Release|Any CPU.ActiveCfg = Release|Any CPU
		{6682D37F-4ACF-DBE9-6DAA-173B31517B24}.Release|Any CPU.Build.0 = Release|Any CPU
		{58EE5864-D59A-7059-D1CA-5435BB72F145}.Debug|Any CPU.ActiveCfg = Debug|Any CPU
		{58EE5864-D59A-7059-D1CA-5435BB72F145}.Debug|Any CPU.Build.0 = Debug|Any CPU
		{58EE5864-D59A-7059-D1CA-5435BB72F145}.Release|Any CPU.ActiveCfg = Release|Any CPU
		{58EE5864-D59A-7059-D1CA-5435BB72F145}.Release|Any CPU.Build.0 = Release|Any CPU
		{3F63F2FF-C5EA-D19C-3F91-F42CBC9BF9FB}.Debug|Any CPU.ActiveCfg = Debug|Any CPU
		{3F63F2FF-C5EA-D19C-3F91-F42CBC9BF9FB}.Debug|Any CPU.Build.0 = Debug|Any CPU
		{3F63F2FF-C5EA-D19C-3F91-F42CBC9BF9FB}.Release|Any CPU.ActiveCfg = Release|Any CPU
		{3F63F2FF-C5EA-D19C-3F91-F42CBC9BF9FB}.Release|Any CPU.Build.0 = Release|Any CPU
		{5D2847B2-E6A2-5599-A514-CCFE656E4E4D}.Debug|Any CPU.ActiveCfg = Debug|Any CPU
		{5D2847B2-E6A2-5599-A514-CCFE656E4E4D}.Debug|Any CPU.Build.0 = Debug|Any CPU
		{5D2847B2-E6A2-5599-A514-CCFE656E4E4D}.Release|Any CPU.ActiveCfg = Release|Any CPU
		{5D2847B2-E6A2-5599-A514-CCFE656E4E4D}.Release|Any CPU.Build.0 = Release|Any CPU
		{7402CFE3-6078-7806-0B65-820A92535D04}.Debug|Any CPU.ActiveCfg = Debug|Any CPU
		{7402CFE3-6078-7806-0B65-820A92535D04}.Debug|Any CPU.Build.0 = Debug|Any CPU
		{7402CFE3-6078-7806-0B65-820A92535D04}.Release|Any CPU.ActiveCfg = Release|Any CPU
		{7402CFE3-6078-7806-0B65-820A92535D04}.Release|Any CPU.Build.0 = Release|Any CPU
		{1130C726-D13E-7763-8625-BECBB8B4EFFF}.Debug|Any CPU.ActiveCfg = Debug|Any CPU
		{1130C726-D13E-7763-8625-BECBB8B4EFFF}.Debug|Any CPU.Build.0 = Debug|Any CPU
		{1130C726-D13E-7763-8625-BECBB8B4EFFF}.Release|Any CPU.ActiveCfg = Release|Any CPU
		{1130C726-D13E-7763-8625-BECBB8B4EFFF}.Release|Any CPU.Build.0 = Release|Any CPU
		{415CB947-AAB1-CD6A-F024-219F531F0004}.Debug|Any CPU.ActiveCfg = Debug|Any CPU
		{415CB947-AAB1-CD6A-F024-219F531F0004}.Debug|Any CPU.Build.0 = Debug|Any CPU
		{415CB947-AAB1-CD6A-F024-219F531F0004}.Release|Any CPU.ActiveCfg = Release|Any CPU
		{415CB947-AAB1-CD6A-F024-219F531F0004}.Release|Any CPU.Build.0 = Release|Any CPU
		{C0B427A9-9492-A0AF-2AED-1CFD2CB7FC71}.Debug|Any CPU.ActiveCfg = Debug|Any CPU
		{C0B427A9-9492-A0AF-2AED-1CFD2CB7FC71}.Debug|Any CPU.Build.0 = Debug|Any CPU
		{C0B427A9-9492-A0AF-2AED-1CFD2CB7FC71}.Release|Any CPU.ActiveCfg = Release|Any CPU
		{C0B427A9-9492-A0AF-2AED-1CFD2CB7FC71}.Release|Any CPU.Build.0 = Release|Any CPU
		{77FDCEA2-52CE-AB4C-8F49-9A59724A5A33}.Debug|Any CPU.ActiveCfg = Debug|Any CPU
		{77FDCEA2-52CE-AB4C-8F49-9A59724A5A33}.Debug|Any CPU.Build.0 = Debug|Any CPU
		{77FDCEA2-52CE-AB4C-8F49-9A59724A5A33}.Release|Any CPU.ActiveCfg = Release|Any CPU
		{77FDCEA2-52CE-AB4C-8F49-9A59724A5A33}.Release|Any CPU.Build.0 = Release|Any CPU
		{31F3F257-ECC6-047F-5ECE-93D57A36D4B9}.Debug|Any CPU.ActiveCfg = Debug|Any CPU
		{31F3F257-ECC6-047F-5ECE-93D57A36D4B9}.Debug|Any CPU.Build.0 = Debug|Any CPU
		{31F3F257-ECC6-047F-5ECE-93D57A36D4B9}.Release|Any CPU.ActiveCfg = Release|Any CPU
		{31F3F257-ECC6-047F-5ECE-93D57A36D4B9}.Release|Any CPU.Build.0 = Release|Any CPU
		{730DE673-4D7A-E70D-F652-A026F50076FF}.Debug|Any CPU.ActiveCfg = Debug|Any CPU
		{730DE673-4D7A-E70D-F652-A026F50076FF}.Debug|Any CPU.Build.0 = Debug|Any CPU
		{730DE673-4D7A-E70D-F652-A026F50076FF}.Release|Any CPU.ActiveCfg = Release|Any CPU
		{730DE673-4D7A-E70D-F652-A026F50076FF}.Release|Any CPU.Build.0 = Release|Any CPU
		{65C5AE11-2FFC-D5A4-3B03-051B016468C2}.Debug|Any CPU.ActiveCfg = Debug|Any CPU
		{65C5AE11-2FFC-D5A4-3B03-051B016468C2}.Debug|Any CPU.Build.0 = Debug|Any CPU
		{65C5AE11-2FFC-D5A4-3B03-051B016468C2}.Release|Any CPU.ActiveCfg = Release|Any CPU
		{65C5AE11-2FFC-D5A4-3B03-051B016468C2}.Release|Any CPU.Build.0 = Release|Any CPU
		{16653175-C148-551C-E681-DBDD08BBEF4C}.Debug|Any CPU.ActiveCfg = Debug|Any CPU
		{16653175-C148-551C-E681-DBDD08BBEF4C}.Debug|Any CPU.Build.0 = Debug|Any CPU
		{16653175-C148-551C-E681-DBDD08BBEF4C}.Release|Any CPU.ActiveCfg = Release|Any CPU
		{16653175-C148-551C-E681-DBDD08BBEF4C}.Release|Any CPU.Build.0 = Release|Any CPU
		{E1FE3AD6-B36D-3BAD-EE0C-D62652214302}.Debug|Any CPU.ActiveCfg = Debug|Any CPU
		{E1FE3AD6-B36D-3BAD-EE0C-D62652214302}.Debug|Any CPU.Build.0 = Debug|Any CPU
		{E1FE3AD6-B36D-3BAD-EE0C-D62652214302}.Release|Any CPU.ActiveCfg = Release|Any CPU
		{E1FE3AD6-B36D-3BAD-EE0C-D62652214302}.Release|Any CPU.Build.0 = Release|Any CPU
		{E1015E43-1B93-4745-63C1-317E71BB53E1}.Debug|Any CPU.ActiveCfg = Debug|Any CPU
		{E1015E43-1B93-4745-63C1-317E71BB53E1}.Debug|Any CPU.Build.0 = Debug|Any CPU
		{E1015E43-1B93-4745-63C1-317E71BB53E1}.Release|Any CPU.ActiveCfg = Release|Any CPU
		{E1015E43-1B93-4745-63C1-317E71BB53E1}.Release|Any CPU.Build.0 = Release|Any CPU
		{049BA51A-04A6-44DE-9BB2-DBBD7008880F}.Debug|Any CPU.ActiveCfg = Debug|Any CPU
		{049BA51A-04A6-44DE-9BB2-DBBD7008880F}.Debug|Any CPU.Build.0 = Debug|Any CPU
		{049BA51A-04A6-44DE-9BB2-DBBD7008880F}.Release|Any CPU.ActiveCfg = Release|Any CPU
		{049BA51A-04A6-44DE-9BB2-DBBD7008880F}.Release|Any CPU.Build.0 = Release|Any CPU
		{4DD2A48A-4EF2-A239-7A6E-2549D365554D}.Debug|Any CPU.ActiveCfg = Debug|Any CPU
		{4DD2A48A-4EF2-A239-7A6E-2549D365554D}.Debug|Any CPU.Build.0 = Debug|Any CPU
		{4DD2A48A-4EF2-A239-7A6E-2549D365554D}.Release|Any CPU.ActiveCfg = Release|Any CPU
		{4DD2A48A-4EF2-A239-7A6E-2549D365554D}.Release|Any CPU.Build.0 = Release|Any CPU
		{EAB73FC4-FCFE-DFE1-951D-5F32CDB1A46D}.Debug|Any CPU.ActiveCfg = Debug|Any CPU
		{EAB73FC4-FCFE-DFE1-951D-5F32CDB1A46D}.Debug|Any CPU.Build.0 = Debug|Any CPU
		{EAB73FC4-FCFE-DFE1-951D-5F32CDB1A46D}.Release|Any CPU.ActiveCfg = Release|Any CPU
		{EAB73FC4-FCFE-DFE1-951D-5F32CDB1A46D}.Release|Any CPU.Build.0 = Release|Any CPU
		{3DB3CF28-7EC4-ADC6-0D8B-515368BB4AD5}.Debug|Any CPU.ActiveCfg = Debug|Any CPU
		{3DB3CF28-7EC4-ADC6-0D8B-515368BB4AD5}.Debug|Any CPU.Build.0 = Debug|Any CPU
		{3DB3CF28-7EC4-ADC6-0D8B-515368BB4AD5}.Release|Any CPU.ActiveCfg = Release|Any CPU
		{3DB3CF28-7EC4-ADC6-0D8B-515368BB4AD5}.Release|Any CPU.Build.0 = Release|Any CPU
		{915F1F23-B691-A164-1FC9-82AD1F04C768}.Debug|Any CPU.ActiveCfg = Debug|Any CPU
		{915F1F23-B691-A164-1FC9-82AD1F04C768}.Debug|Any CPU.Build.0 = Debug|Any CPU
		{915F1F23-B691-A164-1FC9-82AD1F04C768}.Release|Any CPU.ActiveCfg = Release|Any CPU
		{915F1F23-B691-A164-1FC9-82AD1F04C768}.Release|Any CPU.Build.0 = Release|Any CPU
		{836A7F67-BA18-1D7C-85DE-CC80A3DD3A35}.Debug|Any CPU.ActiveCfg = Debug|Any CPU
		{836A7F67-BA18-1D7C-85DE-CC80A3DD3A35}.Debug|Any CPU.Build.0 = Debug|Any CPU
		{836A7F67-BA18-1D7C-85DE-CC80A3DD3A35}.Release|Any CPU.ActiveCfg = Release|Any CPU
		{836A7F67-BA18-1D7C-85DE-CC80A3DD3A35}.Release|Any CPU.Build.0 = Release|Any CPU
		{D8A8A60C-138D-83FE-3308-A813C92165CC}.Debug|Any CPU.ActiveCfg = Debug|Any CPU
		{D8A8A60C-138D-83FE-3308-A813C92165CC}.Debug|Any CPU.Build.0 = Debug|Any CPU
		{D8A8A60C-138D-83FE-3308-A813C92165CC}.Release|Any CPU.ActiveCfg = Release|Any CPU
		{D8A8A60C-138D-83FE-3308-A813C92165CC}.Release|Any CPU.Build.0 = Release|Any CPU
		{7F75CB1D-1C67-FB73-2D20-D5CE618B478B}.Debug|Any CPU.ActiveCfg = Debug|Any CPU
		{7F75CB1D-1C67-FB73-2D20-D5CE618B478B}.Debug|Any CPU.Build.0 = Debug|Any CPU
		{7F75CB1D-1C67-FB73-2D20-D5CE618B478B}.Release|Any CPU.ActiveCfg = Release|Any CPU
		{7F75CB1D-1C67-FB73-2D20-D5CE618B478B}.Release|Any CPU.Build.0 = Release|Any CPU
		{9CF4D7EF-7D22-F608-7C7F-4F674F50D1E8}.Debug|Any CPU.ActiveCfg = Debug|Any CPU
		{9CF4D7EF-7D22-F608-7C7F-4F674F50D1E8}.Debug|Any CPU.Build.0 = Debug|Any CPU
		{9CF4D7EF-7D22-F608-7C7F-4F674F50D1E8}.Release|Any CPU.ActiveCfg = Release|Any CPU
		{9CF4D7EF-7D22-F608-7C7F-4F674F50D1E8}.Release|Any CPU.Build.0 = Release|Any CPU
		{15A7AD51-F027-8BBD-7B44-E292D7BFE6EA}.Debug|Any CPU.ActiveCfg = Debug|Any CPU
		{15A7AD51-F027-8BBD-7B44-E292D7BFE6EA}.Debug|Any CPU.Build.0 = Debug|Any CPU
		{15A7AD51-F027-8BBD-7B44-E292D7BFE6EA}.Release|Any CPU.ActiveCfg = Release|Any CPU
		{15A7AD51-F027-8BBD-7B44-E292D7BFE6EA}.Release|Any CPU.Build.0 = Release|Any CPU
		{0432F6DC-C997-B747-6AEA-F218F221D731}.Debug|Any CPU.ActiveCfg = Debug|Any CPU
		{0432F6DC-C997-B747-6AEA-F218F221D731}.Debug|Any CPU.Build.0 = Debug|Any CPU
		{0432F6DC-C997-B747-6AEA-F218F221D731}.Release|Any CPU.ActiveCfg = Release|Any CPU
		{0432F6DC-C997-B747-6AEA-F218F221D731}.Release|Any CPU.Build.0 = Release|Any CPU
		{0CAE29BE-28A1-07B1-A145-19608F2E20FB}.Debug|Any CPU.ActiveCfg = Debug|Any CPU
		{0CAE29BE-28A1-07B1-A145-19608F2E20FB}.Debug|Any CPU.Build.0 = Debug|Any CPU
		{0CAE29BE-28A1-07B1-A145-19608F2E20FB}.Release|Any CPU.ActiveCfg = Release|Any CPU
		{0CAE29BE-28A1-07B1-A145-19608F2E20FB}.Release|Any CPU.Build.0 = Release|Any CPU
		{29BBA4B2-3B31-D0F4-F045-8A4F032412B0}.Debug|Any CPU.ActiveCfg = Debug|Any CPU
		{29BBA4B2-3B31-D0F4-F045-8A4F032412B0}.Debug|Any CPU.Build.0 = Debug|Any CPU
		{29BBA4B2-3B31-D0F4-F045-8A4F032412B0}.Release|Any CPU.ActiveCfg = Release|Any CPU
		{29BBA4B2-3B31-D0F4-F045-8A4F032412B0}.Release|Any CPU.Build.0 = Release|Any CPU
		{A9F6A649-FF04-67D4-1CF0-B9235F4C9883}.Debug|Any CPU.ActiveCfg = Debug|Any CPU
		{A9F6A649-FF04-67D4-1CF0-B9235F4C9883}.Debug|Any CPU.Build.0 = Debug|Any CPU
		{A9F6A649-FF04-67D4-1CF0-B9235F4C9883}.Release|Any CPU.ActiveCfg = Release|Any CPU
		{A9F6A649-FF04-67D4-1CF0-B9235F4C9883}.Release|Any CPU.Build.0 = Release|Any CPU
		{88E8379F-EAEF-E7F0-7346-DDB015AC783C}.Debug|Any CPU.ActiveCfg = Debug|Any CPU
		{88E8379F-EAEF-E7F0-7346-DDB015AC783C}.Debug|Any CPU.Build.0 = Debug|Any CPU
		{88E8379F-EAEF-E7F0-7346-DDB015AC783C}.Release|Any CPU.ActiveCfg = Release|Any CPU
		{88E8379F-EAEF-E7F0-7346-DDB015AC783C}.Release|Any CPU.Build.0 = Release|Any CPU
		{5912B765-474A-1139-DF2D-441F1437C3F1}.Debug|Any CPU.ActiveCfg = Debug|Any CPU
		{5912B765-474A-1139-DF2D-441F1437C3F1}.Debug|Any CPU.Build.0 = Debug|Any CPU
		{5912B765-474A-1139-DF2D-441F1437C3F1}.Release|Any CPU.ActiveCfg = Release|Any CPU
		{5912B765-474A-1139-DF2D-441F1437C3F1}.Release|Any CPU.Build.0 = Release|Any CPU
		{0D740669-BD3D-B9DC-C4D0-C3D116688B24}.Debug|Any CPU.ActiveCfg = Debug|Any CPU
		{0D740669-BD3D-B9DC-C4D0-C3D116688B24}.Debug|Any CPU.Build.0 = Debug|Any CPU
		{0D740669-BD3D-B9DC-C4D0-C3D116688B24}.Release|Any CPU.ActiveCfg = Release|Any CPU
		{0D740669-BD3D-B9DC-C4D0-C3D116688B24}.Release|Any CPU.Build.0 = Release|Any CPU
		{0C89BE53-87BE-E39B-9290-A890A7B3393F}.Debug|Any CPU.ActiveCfg = Debug|Any CPU
		{0C89BE53-87BE-E39B-9290-A890A7B3393F}.Debug|Any CPU.Build.0 = Debug|Any CPU
		{0C89BE53-87BE-E39B-9290-A890A7B3393F}.Release|Any CPU.ActiveCfg = Release|Any CPU
		{0C89BE53-87BE-E39B-9290-A890A7B3393F}.Release|Any CPU.Build.0 = Release|Any CPU
		{045A3A1E-91AE-703E-621B-36F001C49496}.Debug|Any CPU.ActiveCfg = Debug|Any CPU
		{045A3A1E-91AE-703E-621B-36F001C49496}.Debug|Any CPU.Build.0 = Debug|Any CPU
		{045A3A1E-91AE-703E-621B-36F001C49496}.Release|Any CPU.ActiveCfg = Release|Any CPU
		{045A3A1E-91AE-703E-621B-36F001C49496}.Release|Any CPU.Build.0 = Release|Any CPU
		{6CCC28D3-9022-A232-3F8B-3E8FC548CD2F}.Debug|Any CPU.ActiveCfg = Debug|Any CPU
		{6CCC28D3-9022-A232-3F8B-3E8FC548CD2F}.Debug|Any CPU.Build.0 = Debug|Any CPU
		{6CCC28D3-9022-A232-3F8B-3E8FC548CD2F}.Release|Any CPU.ActiveCfg = Release|Any CPU
		{6CCC28D3-9022-A232-3F8B-3E8FC548CD2F}.Release|Any CPU.Build.0 = Release|Any CPU
		{D9B10849-B9B6-0B78-E36D-E80B6537C212}.Debug|Any CPU.ActiveCfg = Debug|Any CPU
		{D9B10849-B9B6-0B78-E36D-E80B6537C212}.Debug|Any CPU.Build.0 = Debug|Any CPU
		{D9B10849-B9B6-0B78-E36D-E80B6537C212}.Release|Any CPU.ActiveCfg = Release|Any CPU
		{D9B10849-B9B6-0B78-E36D-E80B6537C212}.Release|Any CPU.Build.0 = Release|Any CPU
	EndGlobalSection
	GlobalSection(SolutionProperties) = preSolution
		HideSolutionNode = FALSE
	EndGlobalSection
EndGlobal
